// !$*UTF8*$!
{
	archiveVersion = 1;
	classes = {
	};
	objectVersion = 77;
	objects = {

/* Begin PBXBuildFile section */
		AA6D078C2D375DAA008B1837 /* StoreKit.framework in Frameworks */ = {isa = PBXBuildFile; fileRef = AA6D078B2D375DAA008B1837 /* StoreKit.framework */; };
		AEFB47C62D719AA900E8D8B6 /* mars.framework in Frameworks */ = {isa = PBXBuildFile; fileRef = AEFB47882D719AA900E8D8B6 /* mars.framework */; };
		AEFB47C72D719AA900E8D8B6 /* Assets.xcassets in Resources */ = {isa = PBXBuildFile; fileRef = AEFB47BF2D719AA900E8D8B6 /* Assets.xcassets */; };
		AEFB47C82D719AA900E8D8B6 /* GoogleService-Info.plist in Resources */ = {isa = PBXBuildFile; fileRef = AEFB47C02D719AA900E8D8B6 /* GoogleService-Info.plist */; };
		AEFB47CA2D719AA900E8D8B6 /* LaunchScreen.storyboard in Resources */ = {isa = PBXBuildFile; fileRef = AEFB47C32D719AA900E8D8B6 /* LaunchScreen.storyboard */; };
		AEFB47CB2D719AA900E8D8B6 /* PrivacyInfo.xcprivacy in Resources */ = {isa = PBXBuildFile; fileRef = AEFB47C42D719AA900E8D8B6 /* PrivacyInfo.xcprivacy */; };
		AEFB47CC2D719AA900E8D8B6 /* AppCacheManager.swift in Sources */ = {isa = PBXBuildFile; fileRef = AEFB46FF2D719AA900E8D8B6 /* AppCacheManager.swift */; };
		AEFB47CD2D719AA900E8D8B6 /* AppDBManager.swift in Sources */ = {isa = PBXBuildFile; fileRef = AEFB47002D719AA900E8D8B6 /* AppDBManager.swift */; };
		AEFB47CE2D719AA900E8D8B6 /* APPH5Manager.swift in Sources */ = {isa = PBXBuildFile; fileRef = AEFB47012D719AA900E8D8B6 /* APPH5Manager.swift */; };
		AEFB47CF2D719AA900E8D8B6 /* APPIMManager.swift in Sources */ = {isa = PBXBuildFile; fileRef = AEFB47022D719AA900E8D8B6 /* APPIMManager.swift */; };
		AEFB47D02D719AA900E8D8B6 /* APPIMManager+Msg.swift in Sources */ = {isa = PBXBuildFile; fileRef = AEFB47032D719AA900E8D8B6 /* APPIMManager+Msg.swift */; };
		AEFB47D12D719AA900E8D8B6 /* AppLoginManager.swift in Sources */ = {isa = PBXBuildFile; fileRef = AEFB47042D719AA900E8D8B6 /* AppLoginManager.swift */; };
		AEFB47D22D719AA900E8D8B6 /* APPLogManager.swift in Sources */ = {isa = PBXBuildFile; fileRef = AEFB47052D719AA900E8D8B6 /* APPLogManager.swift */; };
		AEFB47D32D719AA900E8D8B6 /* APPManager.swift in Sources */ = {isa = PBXBuildFile; fileRef = AEFB47062D719AA900E8D8B6 /* APPManager.swift */; };
		AEFB47D42D719AA900E8D8B6 /* APPManager+Request.swift in Sources */ = {isa = PBXBuildFile; fileRef = AEFB47072D719AA900E8D8B6 /* APPManager+Request.swift */; };
		AEFB47D52D719AA900E8D8B6 /* AppMemberManager.swift in Sources */ = {isa = PBXBuildFile; fileRef = AEFB47082D719AA900E8D8B6 /* AppMemberManager.swift */; };
		AEFB47D62D719AA900E8D8B6 /* AppPermissionRequest.swift in Sources */ = {isa = PBXBuildFile; fileRef = AEFB47092D719AA900E8D8B6 /* AppPermissionRequest.swift */; };
		AEFB47D72D719AA900E8D8B6 /* APPPushManager.swift in Sources */ = {isa = PBXBuildFile; fileRef = AEFB470A2D719AA900E8D8B6 /* APPPushManager.swift */; };
		AEFB47D82D719AA900E8D8B6 /* AppConfigModel.swift in Sources */ = {isa = PBXBuildFile; fileRef = AEFB470C2D719AA900E8D8B6 /* AppConfigModel.swift */; };
		AEFB47D92D719AA900E8D8B6 /* AppHomeFilterModel.swift in Sources */ = {isa = PBXBuildFile; fileRef = AEFB470D2D719AA900E8D8B6 /* AppHomeFilterModel.swift */; };
		AEFB47DA2D719AA900E8D8B6 /* AIEditMainAvatarCell.swift in Sources */ = {isa = PBXBuildFile; fileRef = AEFB470F2D719AA900E8D8B6 /* AIEditMainAvatarCell.swift */; };
		AEFB47DB2D719AA900E8D8B6 /* AIEditMainButtonCell.swift in Sources */ = {isa = PBXBuildFile; fileRef = AEFB47102D719AA900E8D8B6 /* AIEditMainButtonCell.swift */; };
		AEFB47DC2D719AA900E8D8B6 /* AIEditMainCell.swift in Sources */ = {isa = PBXBuildFile; fileRef = AEFB47112D719AA900E8D8B6 /* AIEditMainCell.swift */; };
		AEFB47DD2D719AA900E8D8B6 /* AIEditMainGalleryCell.swift in Sources */ = {isa = PBXBuildFile; fileRef = AEFB47122D719AA900E8D8B6 /* AIEditMainGalleryCell.swift */; };
		AEFB47DE2D719AA900E8D8B6 /* AIEditMainGreetingCell.swift in Sources */ = {isa = PBXBuildFile; fileRef = AEFB47132D719AA900E8D8B6 /* AIEditMainGreetingCell.swift */; };
		AEFB47DF2D719AA900E8D8B6 /* AIEditMainTagsCell.swift in Sources */ = {isa = PBXBuildFile; fileRef = AEFB47142D719AA900E8D8B6 /* AIEditMainTagsCell.swift */; };
		AEFB47E02D719AA900E8D8B6 /* AIEditMainTextViewCell.swift in Sources */ = {isa = PBXBuildFile; fileRef = AEFB47152D719AA900E8D8B6 /* AIEditMainTextViewCell.swift */; };
		AEFB47E12D719AA900E8D8B6 /* CreateMainListCell.swift in Sources */ = {isa = PBXBuildFile; fileRef = AEFB47162D719AA900E8D8B6 /* CreateMainListCell.swift */; };
		AEFB47E22D719AA900E8D8B6 /* AIEditingMainModel.swift in Sources */ = {isa = PBXBuildFile; fileRef = AEFB47182D719AA900E8D8B6 /* AIEditingMainModel.swift */; };
		AEFB47E32D719AA900E8D8B6 /* AIEditMainInfoModel.swift in Sources */ = {isa = PBXBuildFile; fileRef = AEFB47192D719AA900E8D8B6 /* AIEditMainInfoModel.swift */; };
		AEFB47E42D719AA900E8D8B6 /* CreateMainModel.swift in Sources */ = {isa = PBXBuildFile; fileRef = AEFB471A2D719AA900E8D8B6 /* CreateMainModel.swift */; };
		AEFB47E52D719AA900E8D8B6 /* AIEditMainController.swift in Sources */ = {isa = PBXBuildFile; fileRef = AEFB471C2D719AA900E8D8B6 /* AIEditMainController.swift */; };
		AEFB47E62D719AA900E8D8B6 /* CreateMainController.swift in Sources */ = {isa = PBXBuildFile; fileRef = AEFB471D2D719AA900E8D8B6 /* CreateMainController.swift */; };
		AEFB47E72D719AA900E8D8B6 /* AIEditMainExplanPopView.swift in Sources */ = {isa = PBXBuildFile; fileRef = AEFB471F2D719AA900E8D8B6 /* AIEditMainExplanPopView.swift */; };
		AEFB47E82D719AA900E8D8B6 /* AIEditMainTableFooterView.swift in Sources */ = {isa = PBXBuildFile; fileRef = AEFB47202D719AA900E8D8B6 /* AIEditMainTableFooterView.swift */; };
		AEFB47E92D719AA900E8D8B6 /* AIEditTagsPopView.swift in Sources */ = {isa = PBXBuildFile; fileRef = AEFB47212D719AA900E8D8B6 /* AIEditTagsPopView.swift */; };
		AEFB47EA2D719AA900E8D8B6 /* CreateMainEditPopView.swift in Sources */ = {isa = PBXBuildFile; fileRef = AEFB47222D719AA900E8D8B6 /* CreateMainEditPopView.swift */; };
		AEFB47EB2D719AA900E8D8B6 /* CreateMainEmptyView.swift in Sources */ = {isa = PBXBuildFile; fileRef = AEFB47232D719AA900E8D8B6 /* CreateMainEmptyView.swift */; };
		AEFB47EC2D719AA900E8D8B6 /* CreateUploadTipPopView.swift in Sources */ = {isa = PBXBuildFile; fileRef = AEFB47242D719AA900E8D8B6 /* CreateUploadTipPopView.swift */; };
		AEFB47ED2D719AA900E8D8B6 /* AIHomeMainBannerCell.swift in Sources */ = {isa = PBXBuildFile; fileRef = AEFB47272D719AA900E8D8B6 /* AIHomeMainBannerCell.swift */; };
		AEFB47EE2D719AA900E8D8B6 /* AIHomeMainCreatorCell.swift in Sources */ = {isa = PBXBuildFile; fileRef = AEFB47282D719AA900E8D8B6 /* AIHomeMainCreatorCell.swift */; };
		AEFB47EF2D719AA900E8D8B6 /* AIHomeMainTagsCell.swift in Sources */ = {isa = PBXBuildFile; fileRef = AEFB47292D719AA900E8D8B6 /* AIHomeMainTagsCell.swift */; };
		AEFB47F02D719AA900E8D8B6 /* HomeCommonListCell.swift in Sources */ = {isa = PBXBuildFile; fileRef = AEFB472A2D719AA900E8D8B6 /* HomeCommonListCell.swift */; };
		AEFB47F12D719AA900E8D8B6 /* HomeSearchCell.swift in Sources */ = {isa = PBXBuildFile; fileRef = AEFB472B2D719AA900E8D8B6 /* HomeSearchCell.swift */; };
		AEFB47F22D719AA900E8D8B6 /* HomeTagsCollectionViewCell.swift in Sources */ = {isa = PBXBuildFile; fileRef = AEFB472C2D719AA900E8D8B6 /* HomeTagsCollectionViewCell.swift */; };
		AEFB47F32D719AA900E8D8B6 /* AIHomeMainModel.swift in Sources */ = {isa = PBXBuildFile; fileRef = AEFB472E2D719AA900E8D8B6 /* AIHomeMainModel.swift */; };
		AEFB47F42D719AA900E8D8B6 /* CreatorHomeMainModel.swift in Sources */ = {isa = PBXBuildFile; fileRef = AEFB472F2D719AA900E8D8B6 /* CreatorHomeMainModel.swift */; };
		AEFB47F52D719AA900E8D8B6 /* HomeCommonListModel.swift in Sources */ = {isa = PBXBuildFile; fileRef = AEFB47302D719AA900E8D8B6 /* HomeCommonListModel.swift */; };
		AEFB47F62D719AA900E8D8B6 /* HomeSearchModel.swift in Sources */ = {isa = PBXBuildFile; fileRef = AEFB47312D719AA900E8D8B6 /* HomeSearchModel.swift */; };
		AEFB47F72D719AA900E8D8B6 /* AIHomeMainController.swift in Sources */ = {isa = PBXBuildFile; fileRef = AEFB47332D719AA900E8D8B6 /* AIHomeMainController.swift */; };
		AEFB47F82D719AA900E8D8B6 /* HomeListContainerController.swift in Sources */ = {isa = PBXBuildFile; fileRef = AEFB47342D719AA900E8D8B6 /* HomeListContainerController.swift */; };
		AEFB47F92D719AA900E8D8B6 /* HomeMainController.swift in Sources */ = {isa = PBXBuildFile; fileRef = AEFB47352D719AA900E8D8B6 /* HomeMainController.swift */; };
		AEFB47FA2D719AA900E8D8B6 /* HomeSearchController.swift in Sources */ = {isa = PBXBuildFile; fileRef = AEFB47362D719AA900E8D8B6 /* HomeSearchController.swift */; };
		AEFB47FB2D719AA900E8D8B6 /* UserHomeMainController.swift in Sources */ = {isa = PBXBuildFile; fileRef = AEFB47372D719AA900E8D8B6 /* UserHomeMainController.swift */; };
		AEFB47FC2D719AA900E8D8B6 /* AICustomPresentationController.swift in Sources */ = {isa = PBXBuildFile; fileRef = AEFB47392D719AA900E8D8B6 /* AICustomPresentationController.swift */; };
		AEFB47FD2D719AA900E8D8B6 /* AIHomeMorePopView.swift in Sources */ = {isa = PBXBuildFile; fileRef = AEFB473A2D719AA900E8D8B6 /* AIHomeMorePopView.swift */; };
		AEFB47FE2D719AA900E8D8B6 /* CreatorHomeInfoView.swift in Sources */ = {isa = PBXBuildFile; fileRef = AEFB473B2D719AA900E8D8B6 /* CreatorHomeInfoView.swift */; };
		AEFB47FF2D719AA900E8D8B6 /* HomeCommonTagsView.swift in Sources */ = {isa = PBXBuildFile; fileRef = AEFB473C2D719AA900E8D8B6 /* HomeCommonTagsView.swift */; };
		AEFB48002D719AA900E8D8B6 /* HomeFilterSexPopView.swift in Sources */ = {isa = PBXBuildFile; fileRef = AEFB473D2D719AA900E8D8B6 /* HomeFilterSexPopView.swift */; };
		AEFB48012D719AA900E8D8B6 /* HomeLabelListPopView.swift in Sources */ = {isa = PBXBuildFile; fileRef = AEFB473E2D719AA900E8D8B6 /* HomeLabelListPopView.swift */; };
		AEFB48022D719AA900E8D8B6 /* HomeLabelOptionView.swift in Sources */ = {isa = PBXBuildFile; fileRef = AEFB473F2D719AA900E8D8B6 /* HomeLabelOptionView.swift */; };
		AEFB48032D719AA900E8D8B6 /* HomeReportPopView.swift in Sources */ = {isa = PBXBuildFile; fileRef = AEFB47402D719AA900E8D8B6 /* HomeReportPopView.swift */; };
		AEFB48042D719AA900E8D8B6 /* HomeSearchBarView.swift in Sources */ = {isa = PBXBuildFile; fileRef = AEFB47412D719AA900E8D8B6 /* HomeSearchBarView.swift */; };
		AEFB48052D719AA900E8D8B6 /* LaunchController.swift in Sources */ = {isa = PBXBuildFile; fileRef = AEFB47442D719AA900E8D8B6 /* LaunchController.swift */; };
		AEFB48062D719AA900E8D8B6 /* LoginController.swift in Sources */ = {isa = PBXBuildFile; fileRef = AEFB47462D719AA900E8D8B6 /* LoginController.swift */; };
		AEFB48072D719AA900E8D8B6 /* CodeInputView.swift in Sources */ = {isa = PBXBuildFile; fileRef = AEFB47482D719AA900E8D8B6 /* CodeInputView.swift */; };
		AEFB48082D719AA900E8D8B6 /* CodePopView.swift in Sources */ = {isa = PBXBuildFile; fileRef = AEFB47492D719AA900E8D8B6 /* CodePopView.swift */; };
		AEFB48092D719AA900E8D8B6 /* TypewriterAnimationManager.swift in Sources */ = {isa = PBXBuildFile; fileRef = AEFB474C2D719AA900E8D8B6 /* TypewriterAnimationManager.swift */; };
		AEFB480A2D719AA900E8D8B6 /* ALMsgModel.swift in Sources */ = {isa = PBXBuildFile; fileRef = AEFB474E2D719AA900E8D8B6 /* ALMsgModel.swift */; };
		AEFB480B2D719AA900E8D8B6 /* ChatInfoDataModel.swift in Sources */ = {isa = PBXBuildFile; fileRef = AEFB474F2D719AA900E8D8B6 /* ChatInfoDataModel.swift */; };
		AEFB480C2D719AA900E8D8B6 /* MsgCellDataManager.swift in Sources */ = {isa = PBXBuildFile; fileRef = AEFB47502D719AA900E8D8B6 /* MsgCellDataManager.swift */; };
		AEFB480D2D719AA900E8D8B6 /* ChatListTableCell.swift in Sources */ = {isa = PBXBuildFile; fileRef = AEFB47522D719AA900E8D8B6 /* ChatListTableCell.swift */; };
		AEFB480E2D719AA900E8D8B6 /* MsgBaseTableCell.swift in Sources */ = {isa = PBXBuildFile; fileRef = AEFB47532D719AA900E8D8B6 /* MsgBaseTableCell.swift */; };
		AEFB480F2D719AA900E8D8B6 /* MsgJumpTableCell.swift in Sources */ = {isa = PBXBuildFile; fileRef = AEFB47542D719AA900E8D8B6 /* MsgJumpTableCell.swift */; };
		AEFB48102D719AA900E8D8B6 /* MsgTextImageTableCell.swift in Sources */ = {isa = PBXBuildFile; fileRef = AEFB47552D719AA900E8D8B6 /* MsgTextImageTableCell.swift */; };
		AEFB48112D719AA900E8D8B6 /* MsgTextTableCell.swift in Sources */ = {isa = PBXBuildFile; fileRef = AEFB47562D719AA900E8D8B6 /* MsgTextTableCell.swift */; };
		AEFB48122D719AA900E8D8B6 /* MsgTimeTableCell.swift in Sources */ = {isa = PBXBuildFile; fileRef = AEFB47572D719AA900E8D8B6 /* MsgTimeTableCell.swift */; };
		AEFB48132D719AA900E8D8B6 /* ChatMainController.swift in Sources */ = {isa = PBXBuildFile; fileRef = AEFB47592D719AA900E8D8B6 /* ChatMainController.swift */; };
		AEFB48142D719AA900E8D8B6 /* ChatViewController.swift in Sources */ = {isa = PBXBuildFile; fileRef = AEFB475A2D719AA900E8D8B6 /* ChatViewController.swift */; };
		AEFB48152D719AA900E8D8B6 /* ChatViewController+Action.swift in Sources */ = {isa = PBXBuildFile; fileRef = AEFB475B2D719AA900E8D8B6 /* ChatViewController+Action.swift */; };
		AEFB48162D719AA900E8D8B6 /* ChatViewController+CreateMsg.swift in Sources */ = {isa = PBXBuildFile; fileRef = AEFB475C2D719AA900E8D8B6 /* ChatViewController+CreateMsg.swift */; };
		AEFB48172D719AA900E8D8B6 /* ChatViewController+Delegate.swift in Sources */ = {isa = PBXBuildFile; fileRef = AEFB475D2D719AA900E8D8B6 /* ChatViewController+Delegate.swift */; };
		AEFB48182D719AA900E8D8B6 /* ChatInputView.swift in Sources */ = {isa = PBXBuildFile; fileRef = AEFB475F2D719AA900E8D8B6 /* ChatInputView.swift */; };
		AEFB48192D719AA900E8D8B6 /* ChatNaviBarView.swift in Sources */ = {isa = PBXBuildFile; fileRef = AEFB47602D719AA900E8D8B6 /* ChatNaviBarView.swift */; };
		AEFB481A2D719AA900E8D8B6 /* ChatTableFooterView.swift in Sources */ = {isa = PBXBuildFile; fileRef = AEFB47612D719AA900E8D8B6 /* ChatTableFooterView.swift */; };
		AEFB481B2D719AA900E8D8B6 /* ChatTableHeaderInfoView.swift in Sources */ = {isa = PBXBuildFile; fileRef = AEFB47622D719AA900E8D8B6 /* ChatTableHeaderInfoView.swift */; };
		AEFB481C2D719AA900E8D8B6 /* NetTipView.swift in Sources */ = {isa = PBXBuildFile; fileRef = AEFB47632D719AA900E8D8B6 /* NetTipView.swift */; };
		AEFB481D2D719AA900E8D8B6 /* MineBlockListCell.swift in Sources */ = {isa = PBXBuildFile; fileRef = AEFB47662D719AA900E8D8B6 /* MineBlockListCell.swift */; };
		AEFB481E2D719AA900E8D8B6 /* SettingTableCell.swift in Sources */ = {isa = PBXBuildFile; fileRef = AEFB47672D719AA900E8D8B6 /* SettingTableCell.swift */; };
		AEFB481F2D719AA900E8D8B6 /* MineBlockListDataSource.swift in Sources */ = {isa = PBXBuildFile; fileRef = AEFB47692D719AA900E8D8B6 /* MineBlockListDataSource.swift */; };
		AEFB48202D719AA900E8D8B6 /* MineBlockListModel.swift in Sources */ = {isa = PBXBuildFile; fileRef = AEFB476A2D719AA900E8D8B6 /* MineBlockListModel.swift */; };
		AEFB48212D719AA900E8D8B6 /* UserModel.swift in Sources */ = {isa = PBXBuildFile; fileRef = AEFB476B2D719AA900E8D8B6 /* UserModel.swift */; };
		AEFB48222D719AA900E8D8B6 /* DDViewController.swift in Sources */ = {isa = PBXBuildFile; fileRef = AEFB476D2D719AA900E8D8B6 /* DDViewController.swift */; };
		AEFB48232D719AA900E8D8B6 /* DeleteAccountController.swift in Sources */ = {isa = PBXBuildFile; fileRef = AEFB476E2D719AA900E8D8B6 /* DeleteAccountController.swift */; };
		AEFB48242D719AA900E8D8B6 /* MineBlockListController.swift in Sources */ = {isa = PBXBuildFile; fileRef = AEFB476F2D719AA900E8D8B6 /* MineBlockListController.swift */; };
		AEFB48252D719AA900E8D8B6 /* MineFollowingListController.swift in Sources */ = {isa = PBXBuildFile; fileRef = AEFB47702D719AA900E8D8B6 /* MineFollowingListController.swift */; };
		AEFB48262D719AA900E8D8B6 /* MineMainController.swift in Sources */ = {isa = PBXBuildFile; fileRef = AEFB47712D719AA900E8D8B6 /* MineMainController.swift */; };
		AEFB48272D719AA900E8D8B6 /* SettingController.swift in Sources */ = {isa = PBXBuildFile; fileRef = AEFB47722D719AA900E8D8B6 /* SettingController.swift */; };
		AEFB48282D719AA900E8D8B6 /* MineBlockListContainerView.swift in Sources */ = {isa = PBXBuildFile; fileRef = AEFB47742D719AA900E8D8B6 /* MineBlockListContainerView.swift */; };
		AEFB48292D719AA900E8D8B6 /* MineUserEditPopView.swift in Sources */ = {isa = PBXBuildFile; fileRef = AEFB47752D719AA900E8D8B6 /* MineUserEditPopView.swift */; };
		AEFB482A2D719AA900E8D8B6 /* MineUserHomeView.swift in Sources */ = {isa = PBXBuildFile; fileRef = AEFB47762D719AA900E8D8B6 /* MineUserHomeView.swift */; };
		AEFB482B2D719AA900E8D8B6 /* AppBaseApi.swift in Sources */ = {isa = PBXBuildFile; fileRef = AEFB47792D719AA900E8D8B6 /* AppBaseApi.swift */; };
		AEFB482C2D719AA900E8D8B6 /* NetWorkRequest.swift in Sources */ = {isa = PBXBuildFile; fileRef = AEFB477A2D719AA900E8D8B6 /* NetWorkRequest.swift */; };
		AEFB482D2D719AA900E8D8B6 /* AppConfigApi.swift in Sources */ = {isa = PBXBuildFile; fileRef = AEFB477C2D719AA900E8D8B6 /* AppConfigApi.swift */; };
		AEFB482E2D719AA900E8D8B6 /* ConfigModuleApi.swift in Sources */ = {isa = PBXBuildFile; fileRef = AEFB477D2D719AA900E8D8B6 /* ConfigModuleApi.swift */; };
		AEFB482F2D719AA900E8D8B6 /* CreateModuleApi.swift in Sources */ = {isa = PBXBuildFile; fileRef = AEFB477E2D719AA900E8D8B6 /* CreateModuleApi.swift */; };
		AEFB48302D719AA900E8D8B6 /* HomeModuleApi.swift in Sources */ = {isa = PBXBuildFile; fileRef = AEFB477F2D719AA900E8D8B6 /* HomeModuleApi.swift */; };
		AEFB48312D719AA900E8D8B6 /* LoginModuleApi.swift in Sources */ = {isa = PBXBuildFile; fileRef = AEFB47802D719AA900E8D8B6 /* LoginModuleApi.swift */; };
		AEFB48322D719AA900E8D8B6 /* MessageModuleApi.swift in Sources */ = {isa = PBXBuildFile; fileRef = AEFB47812D719AA900E8D8B6 /* MessageModuleApi.swift */; };
		AEFB48332D719AA900E8D8B6 /* MineModuleApi.swift in Sources */ = {isa = PBXBuildFile; fileRef = AEFB47822D719AA900E8D8B6 /* MineModuleApi.swift */; };
		AEFB48342D719AA900E8D8B6 /* RequestManager.swift in Sources */ = {isa = PBXBuildFile; fileRef = AEFB47842D719AA900E8D8B6 /* RequestManager.swift */; };
		AEFB48352D719AA900E8D8B6 /* APPXlogManager.mm in Sources */ = {isa = PBXBuildFile; fileRef = AEFB47872D719AA900E8D8B6 /* APPXlogManager.mm */; };
		AEFB48362D719AA900E8D8B6 /* RefreshAutoStateFooter.swift in Sources */ = {isa = PBXBuildFile; fileRef = AEFB478A2D719AA900E8D8B6 /* RefreshAutoStateFooter.swift */; };
		AEFB48372D719AA900E8D8B6 /* RefreshBackStateFooter.swift in Sources */ = {isa = PBXBuildFile; fileRef = AEFB478B2D719AA900E8D8B6 /* RefreshBackStateFooter.swift */; };
		AEFB48382D719AA900E8D8B6 /* RefreshStateHeader.swift in Sources */ = {isa = PBXBuildFile; fileRef = AEFB478C2D719AA900E8D8B6 /* RefreshStateHeader.swift */; };
		AEFB48392D719AA900E8D8B6 /* WeakScriptMessageDelegate.swift in Sources */ = {isa = PBXBuildFile; fileRef = AEFB478F2D719AA900E8D8B6 /* WeakScriptMessageDelegate.swift */; };
		AEFB483A2D719AA900E8D8B6 /* WebViewConfig.swift in Sources */ = {isa = PBXBuildFile; fileRef = AEFB47902D719AA900E8D8B6 /* WebViewConfig.swift */; };
		AEFB483B2D719AA900E8D8B6 /* WebViewController.swift in Sources */ = {isa = PBXBuildFile; fileRef = AEFB47912D719AA900E8D8B6 /* WebViewController.swift */; };
		AEFB483C2D719AA900E8D8B6 /* AppDelegate.swift in Sources */ = {isa = PBXBuildFile; fileRef = AEFB47942D719AA900E8D8B6 /* AppDelegate.swift */; };
		AEFB483D2D719AA900E8D8B6 /* AppDelegate+Extensions.swift in Sources */ = {isa = PBXBuildFile; fileRef = AEFB47952D719AA900E8D8B6 /* AppDelegate+Extensions.swift */; };
		AEFB483E2D719AA900E8D8B6 /* BaseAlertView.swift in Sources */ = {isa = PBXBuildFile; fileRef = AEFB47972D719AA900E8D8B6 /* BaseAlertView.swift */; };
		AEFB483F2D719AA900E8D8B6 /* BaseFlowLayout.swift in Sources */ = {isa = PBXBuildFile; fileRef = AEFB47982D719AA900E8D8B6 /* BaseFlowLayout.swift */; };
		AEFB48402D719AA900E8D8B6 /* BaseNavigationController.swift in Sources */ = {isa = PBXBuildFile; fileRef = AEFB47992D719AA900E8D8B6 /* BaseNavigationController.swift */; };
		AEFB48412D719AA900E8D8B6 /* BasePopView.swift in Sources */ = {isa = PBXBuildFile; fileRef = AEFB479A2D719AA900E8D8B6 /* BasePopView.swift */; };
		AEFB48422D719AA900E8D8B6 /* BasePresentViewController.swift in Sources */ = {isa = PBXBuildFile; fileRef = AEFB479B2D719AA900E8D8B6 /* BasePresentViewController.swift */; };
		AEFB48432D719AA900E8D8B6 /* BaseTabBar.swift in Sources */ = {isa = PBXBuildFile; fileRef = AEFB479C2D719AA900E8D8B6 /* BaseTabBar.swift */; };
		AEFB48442D719AA900E8D8B6 /* BaseTabBarController.swift in Sources */ = {isa = PBXBuildFile; fileRef = AEFB479D2D719AA900E8D8B6 /* BaseTabBarController.swift */; };
		AEFB48452D719AA900E8D8B6 /* BaseTableView.swift in Sources */ = {isa = PBXBuildFile; fileRef = AEFB479E2D719AA900E8D8B6 /* BaseTableView.swift */; };
		AEFB48462D719AA900E8D8B6 /* BaseTextView.swift in Sources */ = {isa = PBXBuildFile; fileRef = AEFB479F2D719AA900E8D8B6 /* BaseTextView.swift */; };
		AEFB48472D719AA900E8D8B6 /* BaseView.swift in Sources */ = {isa = PBXBuildFile; fileRef = AEFB47A02D719AA900E8D8B6 /* BaseView.swift */; };
		AEFB48482D719AA900E8D8B6 /* BaseViewController.swift in Sources */ = {isa = PBXBuildFile; fileRef = AEFB47A12D719AA900E8D8B6 /* BaseViewController.swift */; };
		AEFB48492D719AA900E8D8B6 /* AppHXPhotoConfig.swift in Sources */ = {isa = PBXBuildFile; fileRef = AEFB47A32D719AA900E8D8B6 /* AppHXPhotoConfig.swift */; };
		AEFB484A2D719AA900E8D8B6 /* AppImageProcessor.swift in Sources */ = {isa = PBXBuildFile; fileRef = AEFB47A42D719AA900E8D8B6 /* AppImageProcessor.swift */; };
		AEFB484B2D719AA900E8D8B6 /* ConfigDefine.swift in Sources */ = {isa = PBXBuildFile; fileRef = AEFB47A72D719AA900E8D8B6 /* ConfigDefine.swift */; };
		AEFB484C2D719AA900E8D8B6 /* EnumDefine.swift in Sources */ = {isa = PBXBuildFile; fileRef = AEFB47A82D719AA900E8D8B6 /* EnumDefine.swift */; };
		AEFB484D2D719AA900E8D8B6 /* PodDefine.swift in Sources */ = {isa = PBXBuildFile; fileRef = AEFB47A92D719AA900E8D8B6 /* PodDefine.swift */; };
		AEFB484E2D719AA900E8D8B6 /* Array+Extensions.swift in Sources */ = {isa = PBXBuildFile; fileRef = AEFB47AB2D719AA900E8D8B6 /* Array+Extensions.swift */; };
		AEFB484F2D719AA900E8D8B6 /* Bool+Extension.swift in Sources */ = {isa = PBXBuildFile; fileRef = AEFB47AC2D719AA900E8D8B6 /* Bool+Extension.swift */; };
		AEFB48502D719AA900E8D8B6 /* Date+Extension.swift in Sources */ = {isa = PBXBuildFile; fileRef = AEFB47AD2D719AA900E8D8B6 /* Date+Extension.swift */; };
		AEFB48512D719AA900E8D8B6 /* Dictionary+Extension.swift in Sources */ = {isa = PBXBuildFile; fileRef = AEFB47AE2D719AA900E8D8B6 /* Dictionary+Extension.swift */; };
		AEFB48522D719AA900E8D8B6 /* DispatchQueue+Extension.swift in Sources */ = {isa = PBXBuildFile; fileRef = AEFB47AF2D719AA900E8D8B6 /* DispatchQueue+Extension.swift */; };
		AEFB48532D719AA900E8D8B6 /* Notification+Extension.swift in Sources */ = {isa = PBXBuildFile; fileRef = AEFB47B02D719AA900E8D8B6 /* Notification+Extension.swift */; };
		AEFB48542D719AA900E8D8B6 /* NSObject+Extension.swift in Sources */ = {isa = PBXBuildFile; fileRef = AEFB47B12D719AA900E8D8B6 /* NSObject+Extension.swift */; };
		AEFB48552D719AA900E8D8B6 /* String+Extension.swift in Sources */ = {isa = PBXBuildFile; fileRef = AEFB47B22D719AA900E8D8B6 /* String+Extension.swift */; };
		AEFB48562D719AA900E8D8B6 /* UIApplication+Extensions.swift in Sources */ = {isa = PBXBuildFile; fileRef = AEFB47B32D719AA900E8D8B6 /* UIApplication+Extensions.swift */; };
		AEFB48572D719AA900E8D8B6 /* UIButton+ Extension.swift in Sources */ = {isa = PBXBuildFile; fileRef = AEFB47B42D719AA900E8D8B6 /* UIButton+ Extension.swift */; };
		AEFB48582D719AA900E8D8B6 /* UIColor+Extension.swift in Sources */ = {isa = PBXBuildFile; fileRef = AEFB47B52D719AA900E8D8B6 /* UIColor+Extension.swift */; };
		AEFB48592D719AA900E8D8B6 /* UIDevice+Extension.swift in Sources */ = {isa = PBXBuildFile; fileRef = AEFB47B62D719AA900E8D8B6 /* UIDevice+Extension.swift */; };
		AEFB485A2D719AA900E8D8B6 /* UIFont+Extension.swift in Sources */ = {isa = PBXBuildFile; fileRef = AEFB47B72D719AA900E8D8B6 /* UIFont+Extension.swift */; };
		AEFB485B2D719AA900E8D8B6 /* UIImage+Extension.swift in Sources */ = {isa = PBXBuildFile; fileRef = AEFB47B82D719AA900E8D8B6 /* UIImage+Extension.swift */; };
		AEFB485C2D719AA900E8D8B6 /* UIImageView+Extension.swift in Sources */ = {isa = PBXBuildFile; fileRef = AEFB47B92D719AA900E8D8B6 /* UIImageView+Extension.swift */; };
		AEFB485D2D719AA900E8D8B6 /* UITextfield+Extension.swift in Sources */ = {isa = PBXBuildFile; fileRef = AEFB47BA2D719AA900E8D8B6 /* UITextfield+Extension.swift */; };
		AEFB485E2D719AA900E8D8B6 /* UIView+Extension.swift in Sources */ = {isa = PBXBuildFile; fileRef = AEFB47BB2D719AA900E8D8B6 /* UIView+Extension.swift */; };
		B61F46F3F0F61F7E26FC991A /* Pods_AIRun.framework in Frameworks */ = {isa = PBXBuildFile; fileRef = 425D9F17DDDA3D064CF62A2E /* Pods_AIRun.framework */; };
/* End PBXBuildFile section */

/* Begin PBXFileReference section */
		1E2A727E8864609C65DA649F /* Pods-AIRun.release.xcconfig */ = {isa = PBXFileReference; includeInIndex = 1; lastKnownFileType = text.xcconfig; name = "Pods-AIRun.release.xcconfig"; path = "Target Support Files/Pods-AIRun/Pods-AIRun.release.xcconfig"; sourceTree = "<group>"; };
		425D9F17DDDA3D064CF62A2E /* Pods_AIRun.framework */ = {isa = PBXFileReference; explicitFileType = wrapper.framework; includeInIndex = 0; path = Pods_AIRun.framework; sourceTree = BUILT_PRODUCTS_DIR; };
		AA6D06D12D374D79008B1837 /* Honey.AI.app */ = {isa = PBXFileReference; explicitFileType = wrapper.application; includeInIndex = 0; path = Honey.AI.app; sourceTree = BUILT_PRODUCTS_DIR; };
		AA6D078B2D375DAA008B1837 /* StoreKit.framework */ = {isa = PBXFileReference; lastKnownFileType = wrapper.framework; name = StoreKit.framework; path = System/Library/Frameworks/StoreKit.framework; sourceTree = SDKROOT; };
		AEFB46FF2D719AA900E8D8B6 /* AppCacheManager.swift */ = {isa = PBXFileReference; lastKnownFileType = sourcecode.swift; path = AppCacheManager.swift; sourceTree = "<group>"; };
		AEFB47002D719AA900E8D8B6 /* AppDBManager.swift */ = {isa = PBXFileReference; lastKnownFileType = sourcecode.swift; path = AppDBManager.swift; sourceTree = "<group>"; };
		AEFB47012D719AA900E8D8B6 /* APPH5Manager.swift */ = {isa = PBXFileReference; lastKnownFileType = sourcecode.swift; path = APPH5Manager.swift; sourceTree = "<group>"; };
		AEFB47022D719AA900E8D8B6 /* APPIMManager.swift */ = {isa = PBXFileReference; lastKnownFileType = sourcecode.swift; path = APPIMManager.swift; sourceTree = "<group>"; };
		AEFB47032D719AA900E8D8B6 /* APPIMManager+Msg.swift */ = {isa = PBXFileReference; lastKnownFileType = sourcecode.swift; path = "APPIMManager+Msg.swift"; sourceTree = "<group>"; };
		AEFB47042D719AA900E8D8B6 /* AppLoginManager.swift */ = {isa = PBXFileReference; lastKnownFileType = sourcecode.swift; path = AppLoginManager.swift; sourceTree = "<group>"; };
		AEFB47052D719AA900E8D8B6 /* APPLogManager.swift */ = {isa = PBXFileReference; lastKnownFileType = sourcecode.swift; path = APPLogManager.swift; sourceTree = "<group>"; };
		AEFB47062D719AA900E8D8B6 /* APPManager.swift */ = {isa = PBXFileReference; lastKnownFileType = sourcecode.swift; path = APPManager.swift; sourceTree = "<group>"; };
		AEFB47072D719AA900E8D8B6 /* APPManager+Request.swift */ = {isa = PBXFileReference; lastKnownFileType = sourcecode.swift; path = "APPManager+Request.swift"; sourceTree = "<group>"; };
		AEFB47082D719AA900E8D8B6 /* AppMemberManager.swift */ = {isa = PBXFileReference; lastKnownFileType = sourcecode.swift; path = AppMemberManager.swift; sourceTree = "<group>"; };
		AEFB47092D719AA900E8D8B6 /* AppPermissionRequest.swift */ = {isa = PBXFileReference; lastKnownFileType = sourcecode.swift; path = AppPermissionRequest.swift; sourceTree = "<group>"; };
		AEFB470A2D719AA900E8D8B6 /* APPPushManager.swift */ = {isa = PBXFileReference; lastKnownFileType = sourcecode.swift; path = APPPushManager.swift; sourceTree = "<group>"; };
		AEFB470C2D719AA900E8D8B6 /* AppConfigModel.swift */ = {isa = PBXFileReference; lastKnownFileType = sourcecode.swift; path = AppConfigModel.swift; sourceTree = "<group>"; };
		AEFB470D2D719AA900E8D8B6 /* AppHomeFilterModel.swift */ = {isa = PBXFileReference; lastKnownFileType = sourcecode.swift; path = AppHomeFilterModel.swift; sourceTree = "<group>"; };
		AEFB470F2D719AA900E8D8B6 /* AIEditMainAvatarCell.swift */ = {isa = PBXFileReference; lastKnownFileType = sourcecode.swift; path = AIEditMainAvatarCell.swift; sourceTree = "<group>"; };
		AEFB47102D719AA900E8D8B6 /* AIEditMainButtonCell.swift */ = {isa = PBXFileReference; lastKnownFileType = sourcecode.swift; path = AIEditMainButtonCell.swift; sourceTree = "<group>"; };
		AEFB47112D719AA900E8D8B6 /* AIEditMainCell.swift */ = {isa = PBXFileReference; lastKnownFileType = sourcecode.swift; path = AIEditMainCell.swift; sourceTree = "<group>"; };
		AEFB47122D719AA900E8D8B6 /* AIEditMainGalleryCell.swift */ = {isa = PBXFileReference; lastKnownFileType = sourcecode.swift; path = AIEditMainGalleryCell.swift; sourceTree = "<group>"; };
		AEFB47132D719AA900E8D8B6 /* AIEditMainGreetingCell.swift */ = {isa = PBXFileReference; lastKnownFileType = sourcecode.swift; path = AIEditMainGreetingCell.swift; sourceTree = "<group>"; };
		AEFB47142D719AA900E8D8B6 /* AIEditMainTagsCell.swift */ = {isa = PBXFileReference; lastKnownFileType = sourcecode.swift; path = AIEditMainTagsCell.swift; sourceTree = "<group>"; };
		AEFB47152D719AA900E8D8B6 /* AIEditMainTextViewCell.swift */ = {isa = PBXFileReference; lastKnownFileType = sourcecode.swift; path = AIEditMainTextViewCell.swift; sourceTree = "<group>"; };
		AEFB47162D719AA900E8D8B6 /* CreateMainListCell.swift */ = {isa = PBXFileReference; lastKnownFileType = sourcecode.swift; path = CreateMainListCell.swift; sourceTree = "<group>"; };
		AEFB47182D719AA900E8D8B6 /* AIEditingMainModel.swift */ = {isa = PBXFileReference; lastKnownFileType = sourcecode.swift; path = AIEditingMainModel.swift; sourceTree = "<group>"; };
		AEFB47192D719AA900E8D8B6 /* AIEditMainInfoModel.swift */ = {isa = PBXFileReference; lastKnownFileType = sourcecode.swift; path = AIEditMainInfoModel.swift; sourceTree = "<group>"; };
		AEFB471A2D719AA900E8D8B6 /* CreateMainModel.swift */ = {isa = PBXFileReference; lastKnownFileType = sourcecode.swift; path = CreateMainModel.swift; sourceTree = "<group>"; };
		AEFB471C2D719AA900E8D8B6 /* AIEditMainController.swift */ = {isa = PBXFileReference; lastKnownFileType = sourcecode.swift; path = AIEditMainController.swift; sourceTree = "<group>"; };
		AEFB471D2D719AA900E8D8B6 /* CreateMainController.swift */ = {isa = PBXFileReference; lastKnownFileType = sourcecode.swift; path = CreateMainController.swift; sourceTree = "<group>"; };
		AEFB471F2D719AA900E8D8B6 /* AIEditMainExplanPopView.swift */ = {isa = PBXFileReference; lastKnownFileType = sourcecode.swift; path = AIEditMainExplanPopView.swift; sourceTree = "<group>"; };
		AEFB47202D719AA900E8D8B6 /* AIEditMainTableFooterView.swift */ = {isa = PBXFileReference; lastKnownFileType = sourcecode.swift; path = AIEditMainTableFooterView.swift; sourceTree = "<group>"; };
		AEFB47212D719AA900E8D8B6 /* AIEditTagsPopView.swift */ = {isa = PBXFileReference; lastKnownFileType = sourcecode.swift; path = AIEditTagsPopView.swift; sourceTree = "<group>"; };
		AEFB47222D719AA900E8D8B6 /* CreateMainEditPopView.swift */ = {isa = PBXFileReference; lastKnownFileType = sourcecode.swift; path = CreateMainEditPopView.swift; sourceTree = "<group>"; };
		AEFB47232D719AA900E8D8B6 /* CreateMainEmptyView.swift */ = {isa = PBXFileReference; lastKnownFileType = sourcecode.swift; path = CreateMainEmptyView.swift; sourceTree = "<group>"; };
		AEFB47242D719AA900E8D8B6 /* CreateUploadTipPopView.swift */ = {isa = PBXFileReference; lastKnownFileType = sourcecode.swift; path = CreateUploadTipPopView.swift; sourceTree = "<group>"; };
		AEFB47272D719AA900E8D8B6 /* AIHomeMainBannerCell.swift */ = {isa = PBXFileReference; lastKnownFileType = sourcecode.swift; path = AIHomeMainBannerCell.swift; sourceTree = "<group>"; };
		AEFB47282D719AA900E8D8B6 /* AIHomeMainCreatorCell.swift */ = {isa = PBXFileReference; lastKnownFileType = sourcecode.swift; path = AIHomeMainCreatorCell.swift; sourceTree = "<group>"; };
		AEFB47292D719AA900E8D8B6 /* AIHomeMainTagsCell.swift */ = {isa = PBXFileReference; lastKnownFileType = sourcecode.swift; path = AIHomeMainTagsCell.swift; sourceTree = "<group>"; };
		AEFB472A2D719AA900E8D8B6 /* HomeCommonListCell.swift */ = {isa = PBXFileReference; lastKnownFileType = sourcecode.swift; path = HomeCommonListCell.swift; sourceTree = "<group>"; };
		AEFB472B2D719AA900E8D8B6 /* HomeSearchCell.swift */ = {isa = PBXFileReference; lastKnownFileType = sourcecode.swift; path = HomeSearchCell.swift; sourceTree = "<group>"; };
		AEFB472C2D719AA900E8D8B6 /* HomeTagsCollectionViewCell.swift */ = {isa = PBXFileReference; lastKnownFileType = sourcecode.swift; path = HomeTagsCollectionViewCell.swift; sourceTree = "<group>"; };
		AEFB472E2D719AA900E8D8B6 /* AIHomeMainModel.swift */ = {isa = PBXFileReference; lastKnownFileType = sourcecode.swift; path = AIHomeMainModel.swift; sourceTree = "<group>"; };
		AEFB472F2D719AA900E8D8B6 /* CreatorHomeMainModel.swift */ = {isa = PBXFileReference; lastKnownFileType = sourcecode.swift; path = CreatorHomeMainModel.swift; sourceTree = "<group>"; };
		AEFB47302D719AA900E8D8B6 /* HomeCommonListModel.swift */ = {isa = PBXFileReference; lastKnownFileType = sourcecode.swift; path = HomeCommonListModel.swift; sourceTree = "<group>"; };
		AEFB47312D719AA900E8D8B6 /* HomeSearchModel.swift */ = {isa = PBXFileReference; lastKnownFileType = sourcecode.swift; path = HomeSearchModel.swift; sourceTree = "<group>"; };
		AEFB47332D719AA900E8D8B6 /* AIHomeMainController.swift */ = {isa = PBXFileReference; lastKnownFileType = sourcecode.swift; path = AIHomeMainController.swift; sourceTree = "<group>"; };
		AEFB47342D719AA900E8D8B6 /* HomeListContainerController.swift */ = {isa = PBXFileReference; lastKnownFileType = sourcecode.swift; path = HomeListContainerController.swift; sourceTree = "<group>"; };
		AEFB47352D719AA900E8D8B6 /* HomeMainController.swift */ = {isa = PBXFileReference; lastKnownFileType = sourcecode.swift; path = HomeMainController.swift; sourceTree = "<group>"; };
		AEFB47362D719AA900E8D8B6 /* HomeSearchController.swift */ = {isa = PBXFileReference; lastKnownFileType = sourcecode.swift; path = HomeSearchController.swift; sourceTree = "<group>"; };
		AEFB47372D719AA900E8D8B6 /* UserHomeMainController.swift */ = {isa = PBXFileReference; lastKnownFileType = sourcecode.swift; path = UserHomeMainController.swift; sourceTree = "<group>"; };
		AEFB47392D719AA900E8D8B6 /* AICustomPresentationController.swift */ = {isa = PBXFileReference; lastKnownFileType = sourcecode.swift; path = AICustomPresentationController.swift; sourceTree = "<group>"; };
		AEFB473A2D719AA900E8D8B6 /* AIHomeMorePopView.swift */ = {isa = PBXFileReference; lastKnownFileType = sourcecode.swift; path = AIHomeMorePopView.swift; sourceTree = "<group>"; };
		AEFB473B2D719AA900E8D8B6 /* CreatorHomeInfoView.swift */ = {isa = PBXFileReference; lastKnownFileType = sourcecode.swift; path = CreatorHomeInfoView.swift; sourceTree = "<group>"; };
		AEFB473C2D719AA900E8D8B6 /* HomeCommonTagsView.swift */ = {isa = PBXFileReference; lastKnownFileType = sourcecode.swift; path = HomeCommonTagsView.swift; sourceTree = "<group>"; };
		AEFB473D2D719AA900E8D8B6 /* HomeFilterSexPopView.swift */ = {isa = PBXFileReference; lastKnownFileType = sourcecode.swift; path = HomeFilterSexPopView.swift; sourceTree = "<group>"; };
		AEFB473E2D719AA900E8D8B6 /* HomeLabelListPopView.swift */ = {isa = PBXFileReference; lastKnownFileType = sourcecode.swift; path = HomeLabelListPopView.swift; sourceTree = "<group>"; };
		AEFB473F2D719AA900E8D8B6 /* HomeLabelOptionView.swift */ = {isa = PBXFileReference; lastKnownFileType = sourcecode.swift; path = HomeLabelOptionView.swift; sourceTree = "<group>"; };
		AEFB47402D719AA900E8D8B6 /* HomeReportPopView.swift */ = {isa = PBXFileReference; lastKnownFileType = sourcecode.swift; path = HomeReportPopView.swift; sourceTree = "<group>"; };
		AEFB47412D719AA900E8D8B6 /* HomeSearchBarView.swift */ = {isa = PBXFileReference; lastKnownFileType = sourcecode.swift; path = HomeSearchBarView.swift; sourceTree = "<group>"; };
		AEFB47442D719AA900E8D8B6 /* LaunchController.swift */ = {isa = PBXFileReference; lastKnownFileType = sourcecode.swift; path = LaunchController.swift; sourceTree = "<group>"; };
		AEFB47462D719AA900E8D8B6 /* LoginController.swift */ = {isa = PBXFileReference; lastKnownFileType = sourcecode.swift; path = LoginController.swift; sourceTree = "<group>"; };
		AEFB47482D719AA900E8D8B6 /* CodeInputView.swift */ = {isa = PBXFileReference; lastKnownFileType = sourcecode.swift; path = CodeInputView.swift; sourceTree = "<group>"; };
		AEFB47492D719AA900E8D8B6 /* CodePopView.swift */ = {isa = PBXFileReference; lastKnownFileType = sourcecode.swift; path = CodePopView.swift; sourceTree = "<group>"; };
		AEFB474C2D719AA900E8D8B6 /* TypewriterAnimationManager.swift */ = {isa = PBXFileReference; lastKnownFileType = sourcecode.swift; path = TypewriterAnimationManager.swift; sourceTree = "<group>"; };
		AEFB474E2D719AA900E8D8B6 /* ALMsgModel.swift */ = {isa = PBXFileReference; lastKnownFileType = sourcecode.swift; path = ALMsgModel.swift; sourceTree = "<group>"; };
		AEFB474F2D719AA900E8D8B6 /* ChatInfoDataModel.swift */ = {isa = PBXFileReference; lastKnownFileType = sourcecode.swift; path = ChatInfoDataModel.swift; sourceTree = "<group>"; };
		AEFB47502D719AA900E8D8B6 /* MsgCellDataManager.swift */ = {isa = PBXFileReference; lastKnownFileType = sourcecode.swift; path = MsgCellDataManager.swift; sourceTree = "<group>"; };
		AEFB47522D719AA900E8D8B6 /* ChatListTableCell.swift */ = {isa = PBXFileReference; lastKnownFileType = sourcecode.swift; path = ChatListTableCell.swift; sourceTree = "<group>"; };
		AEFB47532D719AA900E8D8B6 /* MsgBaseTableCell.swift */ = {isa = PBXFileReference; lastKnownFileType = sourcecode.swift; path = MsgBaseTableCell.swift; sourceTree = "<group>"; };
		AEFB47542D719AA900E8D8B6 /* MsgJumpTableCell.swift */ = {isa = PBXFileReference; lastKnownFileType = sourcecode.swift; path = MsgJumpTableCell.swift; sourceTree = "<group>"; };
		AEFB47552D719AA900E8D8B6 /* MsgTextImageTableCell.swift */ = {isa = PBXFileReference; lastKnownFileType = sourcecode.swift; path = MsgTextImageTableCell.swift; sourceTree = "<group>"; };
		AEFB47562D719AA900E8D8B6 /* MsgTextTableCell.swift */ = {isa = PBXFileReference; lastKnownFileType = sourcecode.swift; path = MsgTextTableCell.swift; sourceTree = "<group>"; };
		AEFB47572D719AA900E8D8B6 /* MsgTimeTableCell.swift */ = {isa = PBXFileReference; lastKnownFileType = sourcecode.swift; path = MsgTimeTableCell.swift; sourceTree = "<group>"; };
		AEFB47592D719AA900E8D8B6 /* ChatMainController.swift */ = {isa = PBXFileReference; lastKnownFileType = sourcecode.swift; path = ChatMainController.swift; sourceTree = "<group>"; };
		AEFB475A2D719AA900E8D8B6 /* ChatViewController.swift */ = {isa = PBXFileReference; lastKnownFileType = sourcecode.swift; path = ChatViewController.swift; sourceTree = "<group>"; };
		AEFB475B2D719AA900E8D8B6 /* ChatViewController+Action.swift */ = {isa = PBXFileReference; lastKnownFileType = sourcecode.swift; path = "ChatViewController+Action.swift"; sourceTree = "<group>"; };
		AEFB475C2D719AA900E8D8B6 /* ChatViewController+CreateMsg.swift */ = {isa = PBXFileReference; lastKnownFileType = sourcecode.swift; path = "ChatViewController+CreateMsg.swift"; sourceTree = "<group>"; };
		AEFB475D2D719AA900E8D8B6 /* ChatViewController+Delegate.swift */ = {isa = PBXFileReference; lastKnownFileType = sourcecode.swift; path = "ChatViewController+Delegate.swift"; sourceTree = "<group>"; };
		AEFB475F2D719AA900E8D8B6 /* ChatInputView.swift */ = {isa = PBXFileReference; lastKnownFileType = sourcecode.swift; path = ChatInputView.swift; sourceTree = "<group>"; };
		AEFB47602D719AA900E8D8B6 /* ChatNaviBarView.swift */ = {isa = PBXFileReference; lastKnownFileType = sourcecode.swift; path = ChatNaviBarView.swift; sourceTree = "<group>"; };
		AEFB47612D719AA900E8D8B6 /* ChatTableFooterView.swift */ = {isa = PBXFileReference; lastKnownFileType = sourcecode.swift; path = ChatTableFooterView.swift; sourceTree = "<group>"; };
		AEFB47622D719AA900E8D8B6 /* ChatTableHeaderInfoView.swift */ = {isa = PBXFileReference; lastKnownFileType = sourcecode.swift; path = ChatTableHeaderInfoView.swift; sourceTree = "<group>"; };
		AEFB47632D719AA900E8D8B6 /* NetTipView.swift */ = {isa = PBXFileReference; lastKnownFileType = sourcecode.swift; path = NetTipView.swift; sourceTree = "<group>"; };
		AEFB47662D719AA900E8D8B6 /* MineBlockListCell.swift */ = {isa = PBXFileReference; lastKnownFileType = sourcecode.swift; path = MineBlockListCell.swift; sourceTree = "<group>"; };
		AEFB47672D719AA900E8D8B6 /* SettingTableCell.swift */ = {isa = PBXFileReference; lastKnownFileType = sourcecode.swift; path = SettingTableCell.swift; sourceTree = "<group>"; };
		AEFB47692D719AA900E8D8B6 /* MineBlockListDataSource.swift */ = {isa = PBXFileReference; lastKnownFileType = sourcecode.swift; path = MineBlockListDataSource.swift; sourceTree = "<group>"; };
		AEFB476A2D719AA900E8D8B6 /* MineBlockListModel.swift */ = {isa = PBXFileReference; lastKnownFileType = sourcecode.swift; path = MineBlockListModel.swift; sourceTree = "<group>"; };
		AEFB476B2D719AA900E8D8B6 /* UserModel.swift */ = {isa = PBXFileReference; lastKnownFileType = sourcecode.swift; path = UserModel.swift; sourceTree = "<group>"; };
		AEFB476D2D719AA900E8D8B6 /* DDViewController.swift */ = {isa = PBXFileReference; lastKnownFileType = sourcecode.swift; path = DDViewController.swift; sourceTree = "<group>"; };
		AEFB476E2D719AA900E8D8B6 /* DeleteAccountController.swift */ = {isa = PBXFileReference; lastKnownFileType = sourcecode.swift; path = DeleteAccountController.swift; sourceTree = "<group>"; };
		AEFB476F2D719AA900E8D8B6 /* MineBlockListController.swift */ = {isa = PBXFileReference; lastKnownFileType = sourcecode.swift; path = MineBlockListController.swift; sourceTree = "<group>"; };
		AEFB47702D719AA900E8D8B6 /* MineFollowingListController.swift */ = {isa = PBXFileReference; lastKnownFileType = sourcecode.swift; path = MineFollowingListController.swift; sourceTree = "<group>"; };
		AEFB47712D719AA900E8D8B6 /* MineMainController.swift */ = {isa = PBXFileReference; lastKnownFileType = sourcecode.swift; path = MineMainController.swift; sourceTree = "<group>"; };
		AEFB47722D719AA900E8D8B6 /* SettingController.swift */ = {isa = PBXFileReference; lastKnownFileType = sourcecode.swift; path = SettingController.swift; sourceTree = "<group>"; };
		AEFB47742D719AA900E8D8B6 /* MineBlockListContainerView.swift */ = {isa = PBXFileReference; lastKnownFileType = sourcecode.swift; path = MineBlockListContainerView.swift; sourceTree = "<group>"; };
		AEFB47752D719AA900E8D8B6 /* MineUserEditPopView.swift */ = {isa = PBXFileReference; lastKnownFileType = sourcecode.swift; path = MineUserEditPopView.swift; sourceTree = "<group>"; };
		AEFB47762D719AA900E8D8B6 /* MineUserHomeView.swift */ = {isa = PBXFileReference; lastKnownFileType = sourcecode.swift; path = MineUserHomeView.swift; sourceTree = "<group>"; };
		AEFB47792D719AA900E8D8B6 /* AppBaseApi.swift */ = {isa = PBXFileReference; lastKnownFileType = sourcecode.swift; path = AppBaseApi.swift; sourceTree = "<group>"; };
		AEFB477A2D719AA900E8D8B6 /* NetWorkRequest.swift */ = {isa = PBXFileReference; lastKnownFileType = sourcecode.swift; path = NetWorkRequest.swift; sourceTree = "<group>"; };
		AEFB477C2D719AA900E8D8B6 /* AppConfigApi.swift */ = {isa = PBXFileReference; lastKnownFileType = sourcecode.swift; path = AppConfigApi.swift; sourceTree = "<group>"; };
		AEFB477D2D719AA900E8D8B6 /* ConfigModuleApi.swift */ = {isa = PBXFileReference; lastKnownFileType = sourcecode.swift; path = ConfigModuleApi.swift; sourceTree = "<group>"; };
		AEFB477E2D719AA900E8D8B6 /* CreateModuleApi.swift */ = {isa = PBXFileReference; lastKnownFileType = sourcecode.swift; path = CreateModuleApi.swift; sourceTree = "<group>"; };
		AEFB477F2D719AA900E8D8B6 /* HomeModuleApi.swift */ = {isa = PBXFileReference; lastKnownFileType = sourcecode.swift; path = HomeModuleApi.swift; sourceTree = "<group>"; };
		AEFB47802D719AA900E8D8B6 /* LoginModuleApi.swift */ = {isa = PBXFileReference; lastKnownFileType = sourcecode.swift; path = LoginModuleApi.swift; sourceTree = "<group>"; };
		AEFB47812D719AA900E8D8B6 /* MessageModuleApi.swift */ = {isa = PBXFileReference; lastKnownFileType = sourcecode.swift; path = MessageModuleApi.swift; sourceTree = "<group>"; };
		AEFB47822D719AA900E8D8B6 /* MineModuleApi.swift */ = {isa = PBXFileReference; lastKnownFileType = sourcecode.swift; path = MineModuleApi.swift; sourceTree = "<group>"; };
		AEFB47842D719AA900E8D8B6 /* RequestManager.swift */ = {isa = PBXFileReference; lastKnownFileType = sourcecode.swift; path = RequestManager.swift; sourceTree = "<group>"; };
		AEFB47862D719AA900E8D8B6 /* APPXlogManager.h */ = {isa = PBXFileReference; lastKnownFileType = sourcecode.c.h; path = APPXlogManager.h; sourceTree = "<group>"; };
		AEFB47872D719AA900E8D8B6 /* APPXlogManager.mm */ = {isa = PBXFileReference; lastKnownFileType = sourcecode.cpp.objcpp; path = APPXlogManager.mm; sourceTree = "<group>"; };
		AEFB47882D719AA900E8D8B6 /* mars.framework */ = {isa = PBXFileReference; lastKnownFileType = wrapper.framework; path = mars.framework; sourceTree = "<group>"; };
		AEFB478A2D719AA900E8D8B6 /* RefreshAutoStateFooter.swift */ = {isa = PBXFileReference; lastKnownFileType = sourcecode.swift; path = RefreshAutoStateFooter.swift; sourceTree = "<group>"; };
		AEFB478B2D719AA900E8D8B6 /* RefreshBackStateFooter.swift */ = {isa = PBXFileReference; lastKnownFileType = sourcecode.swift; path = RefreshBackStateFooter.swift; sourceTree = "<group>"; };
		AEFB478C2D719AA900E8D8B6 /* RefreshStateHeader.swift */ = {isa = PBXFileReference; lastKnownFileType = sourcecode.swift; path = RefreshStateHeader.swift; sourceTree = "<group>"; };
		AEFB478F2D719AA900E8D8B6 /* WeakScriptMessageDelegate.swift */ = {isa = PBXFileReference; lastKnownFileType = sourcecode.swift; path = WeakScriptMessageDelegate.swift; sourceTree = "<group>"; };
		AEFB47902D719AA900E8D8B6 /* WebViewConfig.swift */ = {isa = PBXFileReference; lastKnownFileType = sourcecode.swift; path = WebViewConfig.swift; sourceTree = "<group>"; };
		AEFB47912D719AA900E8D8B6 /* WebViewController.swift */ = {isa = PBXFileReference; lastKnownFileType = sourcecode.swift; path = WebViewController.swift; sourceTree = "<group>"; };
		AEFB47942D719AA900E8D8B6 /* AppDelegate.swift */ = {isa = PBXFileReference; lastKnownFileType = sourcecode.swift; path = AppDelegate.swift; sourceTree = "<group>"; };
		AEFB47952D719AA900E8D8B6 /* AppDelegate+Extensions.swift */ = {isa = PBXFileReference; lastKnownFileType = sourcecode.swift; path = "AppDelegate+Extensions.swift"; sourceTree = "<group>"; };
		AEFB47972D719AA900E8D8B6 /* BaseAlertView.swift */ = {isa = PBXFileReference; lastKnownFileType = sourcecode.swift; path = BaseAlertView.swift; sourceTree = "<group>"; };
		AEFB47982D719AA900E8D8B6 /* BaseFlowLayout.swift */ = {isa = PBXFileReference; lastKnownFileType = sourcecode.swift; path = BaseFlowLayout.swift; sourceTree = "<group>"; };
		AEFB47992D719AA900E8D8B6 /* BaseNavigationController.swift */ = {isa = PBXFileReference; lastKnownFileType = sourcecode.swift; path = BaseNavigationController.swift; sourceTree = "<group>"; };
		AEFB479A2D719AA900E8D8B6 /* BasePopView.swift */ = {isa = PBXFileReference; lastKnownFileType = sourcecode.swift; path = BasePopView.swift; sourceTree = "<group>"; };
		AEFB479B2D719AA900E8D8B6 /* BasePresentViewController.swift */ = {isa = PBXFileReference; lastKnownFileType = sourcecode.swift; path = BasePresentViewController.swift; sourceTree = "<group>"; };
		AEFB479C2D719AA900E8D8B6 /* BaseTabBar.swift */ = {isa = PBXFileReference; lastKnownFileType = sourcecode.swift; path = BaseTabBar.swift; sourceTree = "<group>"; };
		AEFB479D2D719AA900E8D8B6 /* BaseTabBarController.swift */ = {isa = PBXFileReference; lastKnownFileType = sourcecode.swift; path = BaseTabBarController.swift; sourceTree = "<group>"; };
		AEFB479E2D719AA900E8D8B6 /* BaseTableView.swift */ = {isa = PBXFileReference; lastKnownFileType = sourcecode.swift; path = BaseTableView.swift; sourceTree = "<group>"; };
		AEFB479F2D719AA900E8D8B6 /* BaseTextView.swift */ = {isa = PBXFileReference; lastKnownFileType = sourcecode.swift; path = BaseTextView.swift; sourceTree = "<group>"; };
		AEFB47A02D719AA900E8D8B6 /* BaseView.swift */ = {isa = PBXFileReference; lastKnownFileType = sourcecode.swift; path = BaseView.swift; sourceTree = "<group>"; };
		AEFB47A12D719AA900E8D8B6 /* BaseViewController.swift */ = {isa = PBXFileReference; lastKnownFileType = sourcecode.swift; path = BaseViewController.swift; sourceTree = "<group>"; };
		AEFB47A32D719AA900E8D8B6 /* AppHXPhotoConfig.swift */ = {isa = PBXFileReference; lastKnownFileType = sourcecode.swift; path = AppHXPhotoConfig.swift; sourceTree = "<group>"; };
		AEFB47A42D719AA900E8D8B6 /* AppImageProcessor.swift */ = {isa = PBXFileReference; lastKnownFileType = sourcecode.swift; path = AppImageProcessor.swift; sourceTree = "<group>"; };
		AEFB47A62D719AA900E8D8B6 /* AIRun-Bridging-Header.h */ = {isa = PBXFileReference; lastKnownFileType = sourcecode.c.h; path = "AIRun-Bridging-Header.h"; sourceTree = "<group>"; };
		AEFB47A72D719AA900E8D8B6 /* ConfigDefine.swift */ = {isa = PBXFileReference; lastKnownFileType = sourcecode.swift; path = ConfigDefine.swift; sourceTree = "<group>"; };
		AEFB47A82D719AA900E8D8B6 /* EnumDefine.swift */ = {isa = PBXFileReference; lastKnownFileType = sourcecode.swift; path = EnumDefine.swift; sourceTree = "<group>"; };
		AEFB47A92D719AA900E8D8B6 /* PodDefine.swift */ = {isa = PBXFileReference; lastKnownFileType = sourcecode.swift; path = PodDefine.swift; sourceTree = "<group>"; };
		AEFB47AB2D719AA900E8D8B6 /* Array+Extensions.swift */ = {isa = PBXFileReference; lastKnownFileType = sourcecode.swift; path = "Array+Extensions.swift"; sourceTree = "<group>"; };
		AEFB47AC2D719AA900E8D8B6 /* Bool+Extension.swift */ = {isa = PBXFileReference; lastKnownFileType = sourcecode.swift; path = "Bool+Extension.swift"; sourceTree = "<group>"; };
		AEFB47AD2D719AA900E8D8B6 /* Date+Extension.swift */ = {isa = PBXFileReference; lastKnownFileType = sourcecode.swift; path = "Date+Extension.swift"; sourceTree = "<group>"; };
		AEFB47AE2D719AA900E8D8B6 /* Dictionary+Extension.swift */ = {isa = PBXFileReference; lastKnownFileType = sourcecode.swift; path = "Dictionary+Extension.swift"; sourceTree = "<group>"; };
		AEFB47AF2D719AA900E8D8B6 /* DispatchQueue+Extension.swift */ = {isa = PBXFileReference; lastKnownFileType = sourcecode.swift; path = "DispatchQueue+Extension.swift"; sourceTree = "<group>"; };
		AEFB47B02D719AA900E8D8B6 /* Notification+Extension.swift */ = {isa = PBXFileReference; lastKnownFileType = sourcecode.swift; path = "Notification+Extension.swift"; sourceTree = "<group>"; };
		AEFB47B12D719AA900E8D8B6 /* NSObject+Extension.swift */ = {isa = PBXFileReference; lastKnownFileType = sourcecode.swift; path = "NSObject+Extension.swift"; sourceTree = "<group>"; };
		AEFB47B22D719AA900E8D8B6 /* String+Extension.swift */ = {isa = PBXFileReference; lastKnownFileType = sourcecode.swift; path = "String+Extension.swift"; sourceTree = "<group>"; };
		AEFB47B32D719AA900E8D8B6 /* UIApplication+Extensions.swift */ = {isa = PBXFileReference; lastKnownFileType = sourcecode.swift; path = "UIApplication+Extensions.swift"; sourceTree = "<group>"; };
		AEFB47B42D719AA900E8D8B6 /* UIButton+ Extension.swift */ = {isa = PBXFileReference; lastKnownFileType = sourcecode.swift; path = "UIButton+ Extension.swift"; sourceTree = "<group>"; };
		AEFB47B52D719AA900E8D8B6 /* UIColor+Extension.swift */ = {isa = PBXFileReference; lastKnownFileType = sourcecode.swift; path = "UIColor+Extension.swift"; sourceTree = "<group>"; };
		AEFB47B62D719AA900E8D8B6 /* UIDevice+Extension.swift */ = {isa = PBXFileReference; lastKnownFileType = sourcecode.swift; path = "UIDevice+Extension.swift"; sourceTree = "<group>"; };
		AEFB47B72D719AA900E8D8B6 /* UIFont+Extension.swift */ = {isa = PBXFileReference; lastKnownFileType = sourcecode.swift; path = "UIFont+Extension.swift"; sourceTree = "<group>"; };
		AEFB47B82D719AA900E8D8B6 /* UIImage+Extension.swift */ = {isa = PBXFileReference; lastKnownFileType = sourcecode.swift; path = "UIImage+Extension.swift"; sourceTree = "<group>"; };
		AEFB47B92D719AA900E8D8B6 /* UIImageView+Extension.swift */ = {isa = PBXFileReference; lastKnownFileType = sourcecode.swift; path = "UIImageView+Extension.swift"; sourceTree = "<group>"; };
		AEFB47BA2D719AA900E8D8B6 /* UITextfield+Extension.swift */ = {isa = PBXFileReference; lastKnownFileType = sourcecode.swift; path = "UITextfield+Extension.swift"; sourceTree = "<group>"; };
		AEFB47BB2D719AA900E8D8B6 /* UIView+Extension.swift */ = {isa = PBXFileReference; lastKnownFileType = sourcecode.swift; path = "UIView+Extension.swift"; sourceTree = "<group>"; };
		AEFB47BE2D719AA900E8D8B6 /* AIRun.entitlements */ = {isa = PBXFileReference; lastKnownFileType = text.plist.entitlements; path = AIRun.entitlements; sourceTree = "<group>"; };
		AEFB47BF2D719AA900E8D8B6 /* Assets.xcassets */ = {isa = PBXFileReference; lastKnownFileType = folder.assetcatalog; path = Assets.xcassets; sourceTree = "<group>"; };
		AEFB47C02D719AA900E8D8B6 /* GoogleService-Info.plist */ = {isa = PBXFileReference; lastKnownFileType = text.plist.xml; path = "GoogleService-Info.plist"; sourceTree = "<group>"; };
		AEFB47C12D719AA900E8D8B6 /* Info.plist */ = {isa = PBXFileReference; lastKnownFileType = text.plist.xml; path = Info.plist; sourceTree = "<group>"; };
		AEFB47C22D719AA900E8D8B6 /* Base */ = {isa = PBXFileReference; lastKnownFileType = file.storyboard; name = Base; path = Base.lproj/LaunchScreen.storyboard; sourceTree = "<group>"; };
		AEFB47C42D719AA900E8D8B6 /* PrivacyInfo.xcprivacy */ = {isa = PBXFileReference; lastKnownFileType = text.xml; path = PrivacyInfo.xcprivacy; sourceTree = "<group>"; };
		E67DA09BA9B5C2600789D3D2 /* Pods-AIRun.debug.xcconfig */ = {isa = PBXFileReference; includeInIndex = 1; lastKnownFileType = text.xcconfig; name = "Pods-AIRun.debug.xcconfig"; path = "Target Support Files/Pods-AIRun/Pods-AIRun.debug.xcconfig"; sourceTree = "<group>"; };
/* End PBXFileReference section */

/* Begin PBXFrameworksBuildPhase section */
		AA6D06CE2D374D79008B1837 /* Frameworks */ = {
			isa = PBXFrameworksBuildPhase;
			buildActionMask = 2147483647;
			files = (
				AEFB47C62D719AA900E8D8B6 /* mars.framework in Frameworks */,
				B61F46F3F0F61F7E26FC991A /* Pods_AIRun.framework in Frameworks */,
				AA6D078C2D375DAA008B1837 /* StoreKit.framework in Frameworks */,
			);
			runOnlyForDeploymentPostprocessing = 0;
		};
/* End PBXFrameworksBuildPhase section */

/* Begin PBXGroup section */
		2DA93D2C4C656202029A732D /* Pods */ = {
			isa = PBXGroup;
			children = (
				E67DA09BA9B5C2600789D3D2 /* Pods-AIRun.debug.xcconfig */,
				1E2A727E8864609C65DA649F /* Pods-AIRun.release.xcconfig */,
			);
			path = Pods;
			sourceTree = "<group>";
		};
		68C39D5A3F7BAB0152C313AA /* Frameworks */ = {
			isa = PBXGroup;
			children = (
				AA6D078B2D375DAA008B1837 /* StoreKit.framework */,
				425D9F17DDDA3D064CF62A2E /* Pods_AIRun.framework */,
			);
			name = Frameworks;
			sourceTree = "<group>";
		};
		AA6D06C82D374D79008B1837 = {
			isa = PBXGroup;
			children = (
				AEFB47C52D719AA900E8D8B6 /* AIRun */,
				AA6D06D22D374D79008B1837 /* Products */,
				2DA93D2C4C656202029A732D /* Pods */,
				68C39D5A3F7BAB0152C313AA /* Frameworks */,
			);
			sourceTree = "<group>";
		};
		AA6D06D22D374D79008B1837 /* Products */ = {
			isa = PBXGroup;
			children = (
				AA6D06D12D374D79008B1837 /* Honey.AI.app */,
			);
			name = Products;
			sourceTree = "<group>";
		};
		AEFB470B2D719AA900E8D8B6 /* AppManager */ = {
			isa = PBXGroup;
			children = (
				AEFB46FF2D719AA900E8D8B6 /* AppCacheManager.swift */,
				AEFB47002D719AA900E8D8B6 /* AppDBManager.swift */,
				AEFB47012D719AA900E8D8B6 /* APPH5Manager.swift */,
				AEFB47022D719AA900E8D8B6 /* APPIMManager.swift */,
				AEFB47032D719AA900E8D8B6 /* APPIMManager+Msg.swift */,
				AEFB47042D719AA900E8D8B6 /* AppLoginManager.swift */,
				AEFB47052D719AA900E8D8B6 /* APPLogManager.swift */,
				AEFB47062D719AA900E8D8B6 /* APPManager.swift */,
				AEFB47072D719AA900E8D8B6 /* APPManager+Request.swift */,
				AEFB47082D719AA900E8D8B6 /* AppMemberManager.swift */,
				AEFB47092D719AA900E8D8B6 /* AppPermissionRequest.swift */,
				AEFB470A2D719AA900E8D8B6 /* APPPushManager.swift */,
			);
			path = AppManager;
			sourceTree = "<group>";
		};
		AEFB470E2D719AA900E8D8B6 /* ConfigModule */ = {
			isa = PBXGroup;
			children = (
				AEFB470C2D719AA900E8D8B6 /* AppConfigModel.swift */,
				AEFB470D2D719AA900E8D8B6 /* AppHomeFilterModel.swift */,
			);
			path = ConfigModule;
			sourceTree = "<group>";
		};
		AEFB47172D719AA900E8D8B6 /* Cell */ = {
			isa = PBXGroup;
			children = (
				AEFB470F2D719AA900E8D8B6 /* AIEditMainAvatarCell.swift */,
				AEFB47102D719AA900E8D8B6 /* AIEditMainButtonCell.swift */,
				AEFB47112D719AA900E8D8B6 /* AIEditMainCell.swift */,
				AEFB47122D719AA900E8D8B6 /* AIEditMainGalleryCell.swift */,
				AEFB47132D719AA900E8D8B6 /* AIEditMainGreetingCell.swift */,
				AEFB47142D719AA900E8D8B6 /* AIEditMainTagsCell.swift */,
				AEFB47152D719AA900E8D8B6 /* AIEditMainTextViewCell.swift */,
				AEFB47162D719AA900E8D8B6 /* CreateMainListCell.swift */,
			);
			path = Cell;
			sourceTree = "<group>";
		};
		AEFB471B2D719AA900E8D8B6 /* Model */ = {
			isa = PBXGroup;
			children = (
				AEFB47182D719AA900E8D8B6 /* AIEditingMainModel.swift */,
				AEFB47192D719AA900E8D8B6 /* AIEditMainInfoModel.swift */,
				AEFB471A2D719AA900E8D8B6 /* CreateMainModel.swift */,
			);
			path = Model;
			sourceTree = "<group>";
		};
		AEFB471E2D719AA900E8D8B6 /* VC */ = {
			isa = PBXGroup;
			children = (
				AEFB471C2D719AA900E8D8B6 /* AIEditMainController.swift */,
				AEFB471D2D719AA900E8D8B6 /* CreateMainController.swift */,
			);
			path = VC;
			sourceTree = "<group>";
		};
		AEFB47252D719AA900E8D8B6 /* View */ = {
			isa = PBXGroup;
			children = (
				AEFB471F2D719AA900E8D8B6 /* AIEditMainExplanPopView.swift */,
				AEFB47202D719AA900E8D8B6 /* AIEditMainTableFooterView.swift */,
				AEFB47212D719AA900E8D8B6 /* AIEditTagsPopView.swift */,
				AEFB47222D719AA900E8D8B6 /* CreateMainEditPopView.swift */,
				AEFB47232D719AA900E8D8B6 /* CreateMainEmptyView.swift */,
				AEFB47242D719AA900E8D8B6 /* CreateUploadTipPopView.swift */,
			);
			path = View;
			sourceTree = "<group>";
		};
		AEFB47262D719AA900E8D8B6 /* CreateModule */ = {
			isa = PBXGroup;
			children = (
				AEFB47172D719AA900E8D8B6 /* Cell */,
				AEFB471B2D719AA900E8D8B6 /* Model */,
				AEFB471E2D719AA900E8D8B6 /* VC */,
				AEFB47252D719AA900E8D8B6 /* View */,
			);
			path = CreateModule;
			sourceTree = "<group>";
		};
		AEFB472D2D719AA900E8D8B6 /* Cell */ = {
			isa = PBXGroup;
			children = (
				AEFB47272D719AA900E8D8B6 /* AIHomeMainBannerCell.swift */,
				AEFB47282D719AA900E8D8B6 /* AIHomeMainCreatorCell.swift */,
				AEFB47292D719AA900E8D8B6 /* AIHomeMainTagsCell.swift */,
				AEFB472A2D719AA900E8D8B6 /* HomeCommonListCell.swift */,
				AEFB472B2D719AA900E8D8B6 /* HomeSearchCell.swift */,
				AEFB472C2D719AA900E8D8B6 /* HomeTagsCollectionViewCell.swift */,
			);
			path = Cell;
			sourceTree = "<group>";
		};
		AEFB47322D719AA900E8D8B6 /* Model */ = {
			isa = PBXGroup;
			children = (
				AEFB472E2D719AA900E8D8B6 /* AIHomeMainModel.swift */,
				AEFB472F2D719AA900E8D8B6 /* CreatorHomeMainModel.swift */,
				AEFB47302D719AA900E8D8B6 /* HomeCommonListModel.swift */,
				AEFB47312D719AA900E8D8B6 /* HomeSearchModel.swift */,
			);
			path = Model;
			sourceTree = "<group>";
		};
		AEFB47382D719AA900E8D8B6 /* VC */ = {
			isa = PBXGroup;
			children = (
				AEFB47332D719AA900E8D8B6 /* AIHomeMainController.swift */,
				AEFB47342D719AA900E8D8B6 /* HomeListContainerController.swift */,
				AEFB47352D719AA900E8D8B6 /* HomeMainController.swift */,
				AEFB47362D719AA900E8D8B6 /* HomeSearchController.swift */,
				AEFB47372D719AA900E8D8B6 /* UserHomeMainController.swift */,
			);
			path = VC;
			sourceTree = "<group>";
		};
		AEFB47422D719AA900E8D8B6 /* View */ = {
			isa = PBXGroup;
			children = (
				AEFB47392D719AA900E8D8B6 /* AICustomPresentationController.swift */,
				AEFB473A2D719AA900E8D8B6 /* AIHomeMorePopView.swift */,
				AEFB473B2D719AA900E8D8B6 /* CreatorHomeInfoView.swift */,
				AEFB473C2D719AA900E8D8B6 /* HomeCommonTagsView.swift */,
				AEFB473D2D719AA900E8D8B6 /* HomeFilterSexPopView.swift */,
				AEFB473E2D719AA900E8D8B6 /* HomeLabelListPopView.swift */,
				AEFB473F2D719AA900E8D8B6 /* HomeLabelOptionView.swift */,
				AEFB47402D719AA900E8D8B6 /* HomeReportPopView.swift */,
				AEFB47412D719AA900E8D8B6 /* HomeSearchBarView.swift */,
			);
			path = View;
			sourceTree = "<group>";
		};
		AEFB47432D719AA900E8D8B6 /* HomeMudule */ = {
			isa = PBXGroup;
			children = (
				AEFB472D2D719AA900E8D8B6 /* Cell */,
				AEFB47322D719AA900E8D8B6 /* Model */,
				AEFB47382D719AA900E8D8B6 /* VC */,
				AEFB47422D719AA900E8D8B6 /* View */,
			);
			path = HomeMudule;
			sourceTree = "<group>";
		};
		AEFB47452D719AA900E8D8B6 /* LauchModule */ = {
			isa = PBXGroup;
			children = (
				AEFB47442D719AA900E8D8B6 /* LaunchController.swift */,
			);
			path = LauchModule;
			sourceTree = "<group>";
		};
		AEFB47472D719AA900E8D8B6 /* VC */ = {
			isa = PBXGroup;
			children = (
				AEFB47462D719AA900E8D8B6 /* LoginController.swift */,
			);
			path = VC;
			sourceTree = "<group>";
		};
		AEFB474A2D719AA900E8D8B6 /* View */ = {
			isa = PBXGroup;
			children = (
				AEFB47482D719AA900E8D8B6 /* CodeInputView.swift */,
				AEFB47492D719AA900E8D8B6 /* CodePopView.swift */,
			);
			path = View;
			sourceTree = "<group>";
		};
		AEFB474B2D719AA900E8D8B6 /* LoginModule */ = {
			isa = PBXGroup;
			children = (
				AEFB47472D719AA900E8D8B6 /* VC */,
				AEFB474A2D719AA900E8D8B6 /* View */,
			);
			path = LoginModule;
			sourceTree = "<group>";
		};
		AEFB474D2D719AA900E8D8B6 /* Manager */ = {
			isa = PBXGroup;
			children = (
				AEFB474C2D719AA900E8D8B6 /* TypewriterAnimationManager.swift */,
			);
			path = Manager;
			sourceTree = "<group>";
		};
		AEFB47512D719AA900E8D8B6 /* Model */ = {
			isa = PBXGroup;
			children = (
				AEFB474E2D719AA900E8D8B6 /* ALMsgModel.swift */,
				AEFB474F2D719AA900E8D8B6 /* ChatInfoDataModel.swift */,
				AEFB47502D719AA900E8D8B6 /* MsgCellDataManager.swift */,
			);
			path = Model;
			sourceTree = "<group>";
		};
		AEFB47582D719AA900E8D8B6 /* MsgCell */ = {
			isa = PBXGroup;
			children = (
				AEFB47522D719AA900E8D8B6 /* ChatListTableCell.swift */,
				AEFB47532D719AA900E8D8B6 /* MsgBaseTableCell.swift */,
				AEFB47542D719AA900E8D8B6 /* MsgJumpTableCell.swift */,
				AEFB47552D719AA900E8D8B6 /* MsgTextImageTableCell.swift */,
				AEFB47562D719AA900E8D8B6 /* MsgTextTableCell.swift */,
				AEFB47572D719AA900E8D8B6 /* MsgTimeTableCell.swift */,
			);
			path = MsgCell;
			sourceTree = "<group>";
		};
		AEFB475E2D719AA900E8D8B6 /* VC */ = {
			isa = PBXGroup;
			children = (
				AEFB47592D719AA900E8D8B6 /* ChatMainController.swift */,
				AEFB475A2D719AA900E8D8B6 /* ChatViewController.swift */,
				AEFB475B2D719AA900E8D8B6 /* ChatViewController+Action.swift */,
				AEFB475C2D719AA900E8D8B6 /* ChatViewController+CreateMsg.swift */,
				AEFB475D2D719AA900E8D8B6 /* ChatViewController+Delegate.swift */,
			);
			path = VC;
			sourceTree = "<group>";
		};
		AEFB47642D719AA900E8D8B6 /* View */ = {
			isa = PBXGroup;
			children = (
				AEFB475F2D719AA900E8D8B6 /* ChatInputView.swift */,
				AEFB47602D719AA900E8D8B6 /* ChatNaviBarView.swift */,
				AEFB47612D719AA900E8D8B6 /* ChatTableFooterView.swift */,
				AEFB47622D719AA900E8D8B6 /* ChatTableHeaderInfoView.swift */,
				AEFB47632D719AA900E8D8B6 /* NetTipView.swift */,
			);
			path = View;
			sourceTree = "<group>";
		};
		AEFB47652D719AA900E8D8B6 /* MessageModule */ = {
			isa = PBXGroup;
			children = (
				AEFB474D2D719AA900E8D8B6 /* Manager */,
				AEFB47512D719AA900E8D8B6 /* Model */,
				AEFB47582D719AA900E8D8B6 /* MsgCell */,
				AEFB475E2D719AA900E8D8B6 /* VC */,
				AEFB47642D719AA900E8D8B6 /* View */,
			);
			path = MessageModule;
			sourceTree = "<group>";
		};
		AEFB47682D719AA900E8D8B6 /* Cell */ = {
			isa = PBXGroup;
			children = (
				AEFB47662D719AA900E8D8B6 /* MineBlockListCell.swift */,
				AEFB47672D719AA900E8D8B6 /* SettingTableCell.swift */,
			);
			path = Cell;
			sourceTree = "<group>";
		};
		AEFB476C2D719AA900E8D8B6 /* Model */ = {
			isa = PBXGroup;
			children = (
				AEFB47692D719AA900E8D8B6 /* MineBlockListDataSource.swift */,
				AEFB476A2D719AA900E8D8B6 /* MineBlockListModel.swift */,
				AEFB476B2D719AA900E8D8B6 /* UserModel.swift */,
			);
			path = Model;
			sourceTree = "<group>";
		};
		AEFB47732D719AA900E8D8B6 /* VC */ = {
			isa = PBXGroup;
			children = (
				AEFB476D2D719AA900E8D8B6 /* DDViewController.swift */,
				AEFB476E2D719AA900E8D8B6 /* DeleteAccountController.swift */,
				AEFB476F2D719AA900E8D8B6 /* MineBlockListController.swift */,
				AEFB47702D719AA900E8D8B6 /* MineFollowingListController.swift */,
				AEFB47712D719AA900E8D8B6 /* MineMainController.swift */,
				AEFB47722D719AA900E8D8B6 /* SettingController.swift */,
			);
			path = VC;
			sourceTree = "<group>";
		};
		AEFB47772D719AA900E8D8B6 /* View */ = {
			isa = PBXGroup;
			children = (
				AEFB47742D719AA900E8D8B6 /* MineBlockListContainerView.swift */,
				AEFB47752D719AA900E8D8B6 /* MineUserEditPopView.swift */,
				AEFB47762D719AA900E8D8B6 /* MineUserHomeView.swift */,
			);
			path = View;
			sourceTree = "<group>";
		};
		AEFB47782D719AA900E8D8B6 /* MineModule */ = {
			isa = PBXGroup;
			children = (
				AEFB47682D719AA900E8D8B6 /* Cell */,
				AEFB476C2D719AA900E8D8B6 /* Model */,
				AEFB47732D719AA900E8D8B6 /* VC */,
				AEFB47772D719AA900E8D8B6 /* View */,
			);
			path = MineModule;
			sourceTree = "<group>";
		};
		AEFB477B2D719AA900E8D8B6 /* Moya */ = {
			isa = PBXGroup;
			children = (
				AEFB47792D719AA900E8D8B6 /* AppBaseApi.swift */,
				AEFB477A2D719AA900E8D8B6 /* NetWorkRequest.swift */,
			);
			path = Moya;
			sourceTree = "<group>";
		};
		AEFB47832D719AA900E8D8B6 /* MoyaApi */ = {
			isa = PBXGroup;
			children = (
				AEFB477C2D719AA900E8D8B6 /* AppConfigApi.swift */,
				AEFB477D2D719AA900E8D8B6 /* ConfigModuleApi.swift */,
				AEFB477E2D719AA900E8D8B6 /* CreateModuleApi.swift */,
				AEFB477F2D719AA900E8D8B6 /* HomeModuleApi.swift */,
				AEFB47802D719AA900E8D8B6 /* LoginModuleApi.swift */,
				AEFB47812D719AA900E8D8B6 /* MessageModuleApi.swift */,
				AEFB47822D719AA900E8D8B6 /* MineModuleApi.swift */,
			);
			path = MoyaApi;
			sourceTree = "<group>";
		};
		AEFB47852D719AA900E8D8B6 /* NetModule */ = {
			isa = PBXGroup;
			children = (
				AEFB477B2D719AA900E8D8B6 /* Moya */,
				AEFB47832D719AA900E8D8B6 /* MoyaApi */,
				AEFB47842D719AA900E8D8B6 /* RequestManager.swift */,
			);
			path = NetModule;
			sourceTree = "<group>";
		};
		AEFB47892D719AA900E8D8B6 /* MarsXlog */ = {
			isa = PBXGroup;
			children = (
				AEFB47862D719AA900E8D8B6 /* APPXlogManager.h */,
				AEFB47872D719AA900E8D8B6 /* APPXlogManager.mm */,
				AEFB47882D719AA900E8D8B6 /* mars.framework */,
			);
			path = MarsXlog;
			sourceTree = "<group>";
		};
		AEFB478D2D719AA900E8D8B6 /* MJExtension */ = {
			isa = PBXGroup;
			children = (
				AEFB478A2D719AA900E8D8B6 /* RefreshAutoStateFooter.swift */,
				AEFB478B2D719AA900E8D8B6 /* RefreshBackStateFooter.swift */,
				AEFB478C2D719AA900E8D8B6 /* RefreshStateHeader.swift */,
			);
			path = MJExtension;
			sourceTree = "<group>";
		};
		AEFB478E2D719AA900E8D8B6 /* ThirdModule */ = {
			isa = PBXGroup;
			children = (
				AEFB47892D719AA900E8D8B6 /* MarsXlog */,
				AEFB478D2D719AA900E8D8B6 /* MJExtension */,
			);
			path = ThirdModule;
			sourceTree = "<group>";
		};
		AEFB47922D719AA900E8D8B6 /* WebModule */ = {
			isa = PBXGroup;
			children = (
				AEFB478F2D719AA900E8D8B6 /* WeakScriptMessageDelegate.swift */,
				AEFB47902D719AA900E8D8B6 /* WebViewConfig.swift */,
				AEFB47912D719AA900E8D8B6 /* WebViewController.swift */,
			);
			path = WebModule;
			sourceTree = "<group>";
		};
		AEFB47932D719AA900E8D8B6 /* AppBusModule */ = {
			isa = PBXGroup;
			children = (
				AEFB470B2D719AA900E8D8B6 /* AppManager */,
				AEFB470E2D719AA900E8D8B6 /* ConfigModule */,
				AEFB47262D719AA900E8D8B6 /* CreateModule */,
				AEFB47432D719AA900E8D8B6 /* HomeMudule */,
				AEFB47452D719AA900E8D8B6 /* LauchModule */,
				AEFB474B2D719AA900E8D8B6 /* LoginModule */,
				AEFB47652D719AA900E8D8B6 /* MessageModule */,
				AEFB47782D719AA900E8D8B6 /* MineModule */,
				AEFB47852D719AA900E8D8B6 /* NetModule */,
				AEFB478E2D719AA900E8D8B6 /* ThirdModule */,
				AEFB47922D719AA900E8D8B6 /* WebModule */,
			);
			path = AppBusModule;
			sourceTree = "<group>";
		};
		AEFB47962D719AA900E8D8B6 /* AppDelegate */ = {
			isa = PBXGroup;
			children = (
				AEFB47942D719AA900E8D8B6 /* AppDelegate.swift */,
				AEFB47952D719AA900E8D8B6 /* AppDelegate+Extensions.swift */,
			);
			path = AppDelegate;
			sourceTree = "<group>";
		};
		AEFB47A22D719AA900E8D8B6 /* BaseUIKit */ = {
			isa = PBXGroup;
			children = (
				AEFB47972D719AA900E8D8B6 /* BaseAlertView.swift */,
				AEFB47982D719AA900E8D8B6 /* BaseFlowLayout.swift */,
				AEFB47992D719AA900E8D8B6 /* BaseNavigationController.swift */,
				AEFB479A2D719AA900E8D8B6 /* BasePopView.swift */,
				AEFB479B2D719AA900E8D8B6 /* BasePresentViewController.swift */,
				AEFB479C2D719AA900E8D8B6 /* BaseTabBar.swift */,
				AEFB479D2D719AA900E8D8B6 /* BaseTabBarController.swift */,
				AEFB479E2D719AA900E8D8B6 /* BaseTableView.swift */,
				AEFB479F2D719AA900E8D8B6 /* BaseTextView.swift */,
				AEFB47A02D719AA900E8D8B6 /* BaseView.swift */,
				AEFB47A12D719AA900E8D8B6 /* BaseViewController.swift */,
			);
			path = BaseUIKit;
			sourceTree = "<group>";
		};
		AEFB47A52D719AA900E8D8B6 /* Common */ = {
			isa = PBXGroup;
			children = (
				AEFB47A32D719AA900E8D8B6 /* AppHXPhotoConfig.swift */,
				AEFB47A42D719AA900E8D8B6 /* AppImageProcessor.swift */,
			);
			path = Common;
			sourceTree = "<group>";
		};
		AEFB47AA2D719AA900E8D8B6 /* Define */ = {
			isa = PBXGroup;
			children = (
				AEFB47A62D719AA900E8D8B6 /* AIRun-Bridging-Header.h */,
				AEFB47A72D719AA900E8D8B6 /* ConfigDefine.swift */,
				AEFB47A82D719AA900E8D8B6 /* EnumDefine.swift */,
				AEFB47A92D719AA900E8D8B6 /* PodDefine.swift */,
			);
			path = Define;
			sourceTree = "<group>";
		};
		AEFB47BC2D719AA900E8D8B6 /* Extension */ = {
			isa = PBXGroup;
			children = (
				AEFB47AB2D719AA900E8D8B6 /* Array+Extensions.swift */,
				AEFB47AC2D719AA900E8D8B6 /* Bool+Extension.swift */,
				AEFB47AD2D719AA900E8D8B6 /* Date+Extension.swift */,
				AEFB47AE2D719AA900E8D8B6 /* Dictionary+Extension.swift */,
				AEFB47AF2D719AA900E8D8B6 /* DispatchQueue+Extension.swift */,
				AEFB47B02D719AA900E8D8B6 /* Notification+Extension.swift */,
				AEFB47B12D719AA900E8D8B6 /* NSObject+Extension.swift */,
				AEFB47B22D719AA900E8D8B6 /* String+Extension.swift */,
				AEFB47B32D719AA900E8D8B6 /* UIApplication+Extensions.swift */,
				AEFB47B42D719AA900E8D8B6 /* UIButton+ Extension.swift */,
				AEFB47B52D719AA900E8D8B6 /* UIColor+Extension.swift */,
				AEFB47B62D719AA900E8D8B6 /* UIDevice+Extension.swift */,
				AEFB47B72D719AA900E8D8B6 /* UIFont+Extension.swift */,
				AEFB47B82D719AA900E8D8B6 /* UIImage+Extension.swift */,
				AEFB47B92D719AA900E8D8B6 /* UIImageView+Extension.swift */,
				AEFB47BA2D719AA900E8D8B6 /* UITextfield+Extension.swift */,
				AEFB47BB2D719AA900E8D8B6 /* UIView+Extension.swift */,
			);
			path = Extension;
			sourceTree = "<group>";
		};
		AEFB47BD2D719AA900E8D8B6 /* AppConfig */ = {
			isa = PBXGroup;
			children = (
				AEFB47962D719AA900E8D8B6 /* AppDelegate */,
				AEFB47A22D719AA900E8D8B6 /* BaseUIKit */,
				AEFB47A52D719AA900E8D8B6 /* Common */,
				AEFB47AA2D719AA900E8D8B6 /* Define */,
				AEFB47BC2D719AA900E8D8B6 /* Extension */,
			);
			path = AppConfig;
			sourceTree = "<group>";
		};
		AEFB47C52D719AA900E8D8B6 /* AIRun */ = {
			isa = PBXGroup;
			children = (
				AEFB47932D719AA900E8D8B6 /* AppBusModule */,
				AEFB47BD2D719AA900E8D8B6 /* AppConfig */,
				AEFB47BE2D719AA900E8D8B6 /* AIRun.entitlements */,
				AEFB47BF2D719AA900E8D8B6 /* Assets.xcassets */,
				AEFB47C02D719AA900E8D8B6 /* GoogleService-Info.plist */,
				AEFB47C12D719AA900E8D8B6 /* Info.plist */,
				AEFB47C32D719AA900E8D8B6 /* LaunchScreen.storyboard */,
				AEFB47C42D719AA900E8D8B6 /* PrivacyInfo.xcprivacy */,
			);
			path = AIRun;
			sourceTree = "<group>";
		};
/* End PBXGroup section */

/* Begin PBXNativeTarget section */
		AA6D06D02D374D79008B1837 /* AIRun */ = {
			isa = PBXNativeTarget;
			buildConfigurationList = AA6D06E42D374D7A008B1837 /* Build configuration list for PBXNativeTarget "AIRun" */;
			buildPhases = (
				3B2274472217751E504F608E /* [CP] Check Pods Manifest.lock */,
				AA6D06CD2D374D79008B1837 /* Sources */,
				AA6D06CE2D374D79008B1837 /* Frameworks */,
				AA6D06CF2D374D79008B1837 /* Resources */,
				B1CE27ACCB41079C13161163 /* [CP] Embed Pods Frameworks */,
			);
			buildRules = (
			);
			dependencies = (
			);
			name = AIRun;
			productName = AIRun;
			productReference = AA6D06D12D374D79008B1837 /* Honey.AI.app */;
			productType = "com.apple.product-type.application";
		};
/* End PBXNativeTarget section */

/* Begin PBXProject section */
		AA6D06C92D374D79008B1837 /* Project object */ = {
			isa = PBXProject;
			attributes = {
				BuildIndependentTargetsInParallel = 1;
				LastSwiftUpdateCheck = 1620;
				LastUpgradeCheck = 1620;
				TargetAttributes = {
					AA6D06D02D374D79008B1837 = {
						CreatedOnToolsVersion = 16.2;
					};
				};
			};
			buildConfigurationList = AA6D06CC2D374D79008B1837 /* Build configuration list for PBXProject "AIRun" */;
			developmentRegion = en;
			hasScannedForEncodings = 0;
			knownRegions = (
				en,
				Base,
			);
			mainGroup = AA6D06C82D374D79008B1837;
			minimizedProjectReferenceProxies = 1;
			preferredProjectObjectVersion = 77;
			productRefGroup = AA6D06D22D374D79008B1837 /* Products */;
			projectDirPath = "";
			projectRoot = "";
			targets = (
				AA6D06D02D374D79008B1837 /* AIRun */,
			);
		};
/* End PBXProject section */

/* Begin PBXResourcesBuildPhase section */
		AA6D06CF2D374D79008B1837 /* Resources */ = {
			isa = PBXResourcesBuildPhase;
			buildActionMask = 2147483647;
			files = (
				AEFB47C72D719AA900E8D8B6 /* Assets.xcassets in Resources */,
				AEFB47C82D719AA900E8D8B6 /* GoogleService-Info.plist in Resources */,
				AEFB47CA2D719AA900E8D8B6 /* LaunchScreen.storyboard in Resources */,
				AEFB47CB2D719AA900E8D8B6 /* PrivacyInfo.xcprivacy in Resources */,
			);
			runOnlyForDeploymentPostprocessing = 0;
		};
/* End PBXResourcesBuildPhase section */

/* Begin PBXShellScriptBuildPhase section */
		3B2274472217751E504F608E /* [CP] Check Pods Manifest.lock */ = {
			isa = PBXShellScriptBuildPhase;
			buildActionMask = 2147483647;
			files = (
			);
			inputFileListPaths = (
			);
			inputPaths = (
				"${PODS_PODFILE_DIR_PATH}/Podfile.lock",
				"${PODS_ROOT}/Manifest.lock",
			);
			name = "[CP] Check Pods Manifest.lock";
			outputFileListPaths = (
			);
			outputPaths = (
				"$(DERIVED_FILE_DIR)/Pods-AIRun-checkManifestLockResult.txt",
			);
			runOnlyForDeploymentPostprocessing = 0;
			shellPath = /bin/sh;
			shellScript = "diff \"${PODS_PODFILE_DIR_PATH}/Podfile.lock\" \"${PODS_ROOT}/Manifest.lock\" > /dev/null\nif [ $? != 0 ] ; then\n    # print error to STDERR\n    echo \"error: The sandbox is not in sync with the Podfile.lock. Run 'pod install' or update your CocoaPods installation.\" >&2\n    exit 1\nfi\n# This output is used by Xcode 'outputs' to avoid re-running this script phase.\necho \"SUCCESS\" > \"${SCRIPT_OUTPUT_FILE_0}\"\n";
			showEnvVarsInLog = 0;
		};
		B1CE27ACCB41079C13161163 /* [CP] Embed Pods Frameworks */ = {
			isa = PBXShellScriptBuildPhase;
			buildActionMask = 2147483647;
			files = (
			);
			inputFileListPaths = (
				"${PODS_ROOT}/Target Support Files/Pods-AIRun/Pods-AIRun-frameworks-${CONFIGURATION}-input-files.xcfilelist",
			);
			name = "[CP] Embed Pods Frameworks";
			outputFileListPaths = (
				"${PODS_ROOT}/Target Support Files/Pods-AIRun/Pods-AIRun-frameworks-${CONFIGURATION}-output-files.xcfilelist",
			);
			runOnlyForDeploymentPostprocessing = 0;
			shellPath = /bin/sh;
			shellScript = "\"${PODS_ROOT}/Target Support Files/Pods-AIRun/Pods-AIRun-frameworks.sh\"\n";
			showEnvVarsInLog = 0;
		};
/* End PBXShellScriptBuildPhase section */

/* Begin PBXSourcesBuildPhase section */
		AA6D06CD2D374D79008B1837 /* Sources */ = {
			isa = PBXSourcesBuildPhase;
			buildActionMask = 2147483647;
			files = (
				AEFB47CC2D719AA900E8D8B6 /* AppCacheManager.swift in Sources */,
				AEFB47CD2D719AA900E8D8B6 /* AppDBManager.swift in Sources */,
				AEFB47CE2D719AA900E8D8B6 /* APPH5Manager.swift in Sources */,
				AEFB47CF2D719AA900E8D8B6 /* APPIMManager.swift in Sources */,
				AEFB47D02D719AA900E8D8B6 /* APPIMManager+Msg.swift in Sources */,
				AEFB47D12D719AA900E8D8B6 /* AppLoginManager.swift in Sources */,
				AEFB47D22D719AA900E8D8B6 /* APPLogManager.swift in Sources */,
				AEFB47D32D719AA900E8D8B6 /* APPManager.swift in Sources */,
				AEFB47D42D719AA900E8D8B6 /* APPManager+Request.swift in Sources */,
				AEFB47D52D719AA900E8D8B6 /* AppMemberManager.swift in Sources */,
				AEFB47D62D719AA900E8D8B6 /* AppPermissionRequest.swift in Sources */,
				AEFB47D72D719AA900E8D8B6 /* APPPushManager.swift in Sources */,
				AEFB47D82D719AA900E8D8B6 /* AppConfigModel.swift in Sources */,
				AEFB47D92D719AA900E8D8B6 /* AppHomeFilterModel.swift in Sources */,
				AEFB47DA2D719AA900E8D8B6 /* AIEditMainAvatarCell.swift in Sources */,
				AEFB47DB2D719AA900E8D8B6 /* AIEditMainButtonCell.swift in Sources */,
				AEFB47DC2D719AA900E8D8B6 /* AIEditMainCell.swift in Sources */,
				AEFB47DD2D719AA900E8D8B6 /* AIEditMainGalleryCell.swift in Sources */,
				AEFB47DE2D719AA900E8D8B6 /* AIEditMainGreetingCell.swift in Sources */,
				AEFB47DF2D719AA900E8D8B6 /* AIEditMainTagsCell.swift in Sources */,
				AEFB47E02D719AA900E8D8B6 /* AIEditMainTextViewCell.swift in Sources */,
				AEFB47E12D719AA900E8D8B6 /* CreateMainListCell.swift in Sources */,
				AEFB47E22D719AA900E8D8B6 /* AIEditingMainModel.swift in Sources */,
				AEFB47E32D719AA900E8D8B6 /* AIEditMainInfoModel.swift in Sources */,
				AEFB47E42D719AA900E8D8B6 /* CreateMainModel.swift in Sources */,
				AEFB47E52D719AA900E8D8B6 /* AIEditMainController.swift in Sources */,
				AEFB47E62D719AA900E8D8B6 /* CreateMainController.swift in Sources */,
				AEFB47E72D719AA900E8D8B6 /* AIEditMainExplanPopView.swift in Sources */,
				AEFB47E82D719AA900E8D8B6 /* AIEditMainTableFooterView.swift in Sources */,
				AEFB47E92D719AA900E8D8B6 /* AIEditTagsPopView.swift in Sources */,
				AEFB47EA2D719AA900E8D8B6 /* CreateMainEditPopView.swift in Sources */,
				AEFB47EB2D719AA900E8D8B6 /* CreateMainEmptyView.swift in Sources */,
				AEFB47EC2D719AA900E8D8B6 /* CreateUploadTipPopView.swift in Sources */,
				AEFB47ED2D719AA900E8D8B6 /* AIHomeMainBannerCell.swift in Sources */,
				AEFB47EE2D719AA900E8D8B6 /* AIHomeMainCreatorCell.swift in Sources */,
				AEFB47EF2D719AA900E8D8B6 /* AIHomeMainTagsCell.swift in Sources */,
				AEFB47F02D719AA900E8D8B6 /* HomeCommonListCell.swift in Sources */,
				AEFB47F12D719AA900E8D8B6 /* HomeSearchCell.swift in Sources */,
				AEFB47F22D719AA900E8D8B6 /* HomeTagsCollectionViewCell.swift in Sources */,
				AEFB47F32D719AA900E8D8B6 /* AIHomeMainModel.swift in Sources */,
				AEFB47F42D719AA900E8D8B6 /* CreatorHomeMainModel.swift in Sources */,
				AEFB47F52D719AA900E8D8B6 /* HomeCommonListModel.swift in Sources */,
				AEFB47F62D719AA900E8D8B6 /* HomeSearchModel.swift in Sources */,
				AEFB47F72D719AA900E8D8B6 /* AIHomeMainController.swift in Sources */,
				AEFB47F82D719AA900E8D8B6 /* HomeListContainerController.swift in Sources */,
				AEFB47F92D719AA900E8D8B6 /* HomeMainController.swift in Sources */,
				AEFB47FA2D719AA900E8D8B6 /* HomeSearchController.swift in Sources */,
				AEFB47FB2D719AA900E8D8B6 /* UserHomeMainController.swift in Sources */,
				AEFB47FC2D719AA900E8D8B6 /* AICustomPresentationController.swift in Sources */,
				AEFB47FD2D719AA900E8D8B6 /* AIHomeMorePopView.swift in Sources */,
				AEFB47FE2D719AA900E8D8B6 /* CreatorHomeInfoView.swift in Sources */,
				AEFB47FF2D719AA900E8D8B6 /* HomeCommonTagsView.swift in Sources */,
				AEFB48002D719AA900E8D8B6 /* HomeFilterSexPopView.swift in Sources */,
				AEFB48012D719AA900E8D8B6 /* HomeLabelListPopView.swift in Sources */,
				AEFB48022D719AA900E8D8B6 /* HomeLabelOptionView.swift in Sources */,
				AEFB48032D719AA900E8D8B6 /* HomeReportPopView.swift in Sources */,
				AEFB48042D719AA900E8D8B6 /* HomeSearchBarView.swift in Sources */,
				AEFB48052D719AA900E8D8B6 /* LaunchController.swift in Sources */,
				AEFB48062D719AA900E8D8B6 /* LoginController.swift in Sources */,
				AEFB48072D719AA900E8D8B6 /* CodeInputView.swift in Sources */,
				AEFB48082D719AA900E8D8B6 /* CodePopView.swift in Sources */,
				AEFB48092D719AA900E8D8B6 /* TypewriterAnimationManager.swift in Sources */,
				AEFB480A2D719AA900E8D8B6 /* ALMsgModel.swift in Sources */,
				AEFB480B2D719AA900E8D8B6 /* ChatInfoDataModel.swift in Sources */,
				AEFB480C2D719AA900E8D8B6 /* MsgCellDataManager.swift in Sources */,
				AEFB480D2D719AA900E8D8B6 /* ChatListTableCell.swift in Sources */,
				AEFB480E2D719AA900E8D8B6 /* MsgBaseTableCell.swift in Sources */,
				AEFB480F2D719AA900E8D8B6 /* MsgJumpTableCell.swift in Sources */,
				AEFB48102D719AA900E8D8B6 /* MsgTextImageTableCell.swift in Sources */,
				AEFB48112D719AA900E8D8B6 /* MsgTextTableCell.swift in Sources */,
				AEFB48122D719AA900E8D8B6 /* MsgTimeTableCell.swift in Sources */,
				AEFB48132D719AA900E8D8B6 /* ChatMainController.swift in Sources */,
				AEFB48142D719AA900E8D8B6 /* ChatViewController.swift in Sources */,
				AEFB48152D719AA900E8D8B6 /* ChatViewController+Action.swift in Sources */,
				AEFB48162D719AA900E8D8B6 /* ChatViewController+CreateMsg.swift in Sources */,
				AEFB48172D719AA900E8D8B6 /* ChatViewController+Delegate.swift in Sources */,
				AEFB48182D719AA900E8D8B6 /* ChatInputView.swift in Sources */,
				AEFB48192D719AA900E8D8B6 /* ChatNaviBarView.swift in Sources */,
				AEFB481A2D719AA900E8D8B6 /* ChatTableFooterView.swift in Sources */,
				AEFB481B2D719AA900E8D8B6 /* ChatTableHeaderInfoView.swift in Sources */,
				AEFB481C2D719AA900E8D8B6 /* NetTipView.swift in Sources */,
				AEFB481D2D719AA900E8D8B6 /* MineBlockListCell.swift in Sources */,
				AEFB481E2D719AA900E8D8B6 /* SettingTableCell.swift in Sources */,
				AEFB481F2D719AA900E8D8B6 /* MineBlockListDataSource.swift in Sources */,
				AEFB48202D719AA900E8D8B6 /* MineBlockListModel.swift in Sources */,
				AEFB48212D719AA900E8D8B6 /* UserModel.swift in Sources */,
				AEFB48222D719AA900E8D8B6 /* DDViewController.swift in Sources */,
				AEFB48232D719AA900E8D8B6 /* DeleteAccountController.swift in Sources */,
				AEFB48242D719AA900E8D8B6 /* MineBlockListController.swift in Sources */,
				AEFB48252D719AA900E8D8B6 /* MineFollowingListController.swift in Sources */,
				AEFB48262D719AA900E8D8B6 /* MineMainController.swift in Sources */,
				AEFB48272D719AA900E8D8B6 /* SettingController.swift in Sources */,
				AEFB48282D719AA900E8D8B6 /* MineBlockListContainerView.swift in Sources */,
				AEFB48292D719AA900E8D8B6 /* MineUserEditPopView.swift in Sources */,
				AEFB482A2D719AA900E8D8B6 /* MineUserHomeView.swift in Sources */,
				AEFB482B2D719AA900E8D8B6 /* AppBaseApi.swift in Sources */,
				AEFB482C2D719AA900E8D8B6 /* NetWorkRequest.swift in Sources */,
				AEFB482D2D719AA900E8D8B6 /* AppConfigApi.swift in Sources */,
				AEFB482E2D719AA900E8D8B6 /* ConfigModuleApi.swift in Sources */,
				AEFB482F2D719AA900E8D8B6 /* CreateModuleApi.swift in Sources */,
				AEFB48302D719AA900E8D8B6 /* HomeModuleApi.swift in Sources */,
				AEFB48312D719AA900E8D8B6 /* LoginModuleApi.swift in Sources */,
				AEFB48322D719AA900E8D8B6 /* MessageModuleApi.swift in Sources */,
				AEFB48332D719AA900E8D8B6 /* MineModuleApi.swift in Sources */,
				AEFB48342D719AA900E8D8B6 /* RequestManager.swift in Sources */,
				AEFB48352D719AA900E8D8B6 /* APPXlogManager.mm in Sources */,
				AEFB48362D719AA900E8D8B6 /* RefreshAutoStateFooter.swift in Sources */,
				AEFB48372D719AA900E8D8B6 /* RefreshBackStateFooter.swift in Sources */,
				AEFB48382D719AA900E8D8B6 /* RefreshStateHeader.swift in Sources */,
				AEFB48392D719AA900E8D8B6 /* WeakScriptMessageDelegate.swift in Sources */,
				AEFB483A2D719AA900E8D8B6 /* WebViewConfig.swift in Sources */,
				AEFB483B2D719AA900E8D8B6 /* WebViewController.swift in Sources */,
				AEFB483C2D719AA900E8D8B6 /* AppDelegate.swift in Sources */,
				AEFB483D2D719AA900E8D8B6 /* AppDelegate+Extensions.swift in Sources */,
				AEFB483E2D719AA900E8D8B6 /* BaseAlertView.swift in Sources */,
				AEFB483F2D719AA900E8D8B6 /* BaseFlowLayout.swift in Sources */,
				AEFB48402D719AA900E8D8B6 /* BaseNavigationController.swift in Sources */,
				AEFB48412D719AA900E8D8B6 /* BasePopView.swift in Sources */,
				AEFB48422D719AA900E8D8B6 /* BasePresentViewController.swift in Sources */,
				AEFB48432D719AA900E8D8B6 /* BaseTabBar.swift in Sources */,
				AEFB48442D719AA900E8D8B6 /* BaseTabBarController.swift in Sources */,
				AEFB48452D719AA900E8D8B6 /* BaseTableView.swift in Sources */,
				AEFB48462D719AA900E8D8B6 /* BaseTextView.swift in Sources */,
				AEFB48472D719AA900E8D8B6 /* BaseView.swift in Sources */,
				AEFB48482D719AA900E8D8B6 /* BaseViewController.swift in Sources */,
				AEFB48492D719AA900E8D8B6 /* AppHXPhotoConfig.swift in Sources */,
				AEFB484A2D719AA900E8D8B6 /* AppImageProcessor.swift in Sources */,
				AEFB484B2D719AA900E8D8B6 /* ConfigDefine.swift in Sources */,
				AEFB484C2D719AA900E8D8B6 /* EnumDefine.swift in Sources */,
				AEFB484D2D719AA900E8D8B6 /* PodDefine.swift in Sources */,
				AEFB484E2D719AA900E8D8B6 /* Array+Extensions.swift in Sources */,
				AEFB484F2D719AA900E8D8B6 /* Bool+Extension.swift in Sources */,
				AEFB48502D719AA900E8D8B6 /* Date+Extension.swift in Sources */,
				AEFB48512D719AA900E8D8B6 /* Dictionary+Extension.swift in Sources */,
				AEFB48522D719AA900E8D8B6 /* DispatchQueue+Extension.swift in Sources */,
				AEFB48532D719AA900E8D8B6 /* Notification+Extension.swift in Sources */,
				AEFB48542D719AA900E8D8B6 /* NSObject+Extension.swift in Sources */,
				AEFB48552D719AA900E8D8B6 /* String+Extension.swift in Sources */,
				AEFB48562D719AA900E8D8B6 /* UIApplication+Extensions.swift in Sources */,
				AEFB48572D719AA900E8D8B6 /* UIButton+ Extension.swift in Sources */,
				AEFB48582D719AA900E8D8B6 /* UIColor+Extension.swift in Sources */,
				AEFB48592D719AA900E8D8B6 /* UIDevice+Extension.swift in Sources */,
				AEFB485A2D719AA900E8D8B6 /* UIFont+Extension.swift in Sources */,
				AEFB485B2D719AA900E8D8B6 /* UIImage+Extension.swift in Sources */,
				AEFB485C2D719AA900E8D8B6 /* UIImageView+Extension.swift in Sources */,
				AEFB485D2D719AA900E8D8B6 /* UITextfield+Extension.swift in Sources */,
				AEFB485E2D719AA900E8D8B6 /* UIView+Extension.swift in Sources */,
			);
			runOnlyForDeploymentPostprocessing = 0;
		};
/* End PBXSourcesBuildPhase section */

/* Begin PBXVariantGroup section */
		AEFB47C32D719AA900E8D8B6 /* LaunchScreen.storyboard */ = {
			isa = PBXVariantGroup;
			children = (
				AEFB47C22D719AA900E8D8B6 /* Base */,
			);
			name = LaunchScreen.storyboard;
			sourceTree = "<group>";
		};
/* End PBXVariantGroup section */

/* Begin XCBuildConfiguration section */
		AA6D06E52D374D7A008B1837 /* Debug */ = {
			isa = XCBuildConfiguration;
			baseConfigurationReference = E67DA09BA9B5C2600789D3D2 /* Pods-AIRun.debug.xcconfig */;
			buildSettings = {
				ASSETCATALOG_COMPILER_APPICON_NAME = AppIcon;
				ASSETCATALOG_COMPILER_GLOBAL_ACCENT_COLOR_NAME = AccentColor;
				CODE_SIGN_ENTITLEMENTS = AIRun/AIRun.entitlements;
				"CODE_SIGN_IDENTITY[sdk=iphoneos*]" = "iPhone Developer";
				CODE_SIGN_STYLE = Manual;
				CURRENT_PROJECT_VERSION = 1;
				DEVELOPMENT_TEAM = "";
				"DEVELOPMENT_TEAM[sdk=iphoneos*]" = 6VFR63B9QM;
				FRAMEWORK_SEARCH_PATHS = (
					"$(inherited)",
					"$(PROJECT_DIR)/AIRun/AppBusModule/ThirdModule/MarsXlog",
				);
				GENERATE_INFOPLIST_FILE = YES;
				INFOPLIST_FILE = AIRun/Info.plist;
				INFOPLIST_KEY_CFBundleDisplayName = Honey.AI;
				INFOPLIST_KEY_LSSupportsOpeningDocumentsInPlace = YES;
				INFOPLIST_KEY_NSCameraUsageDescription = "Use your camera permissions to modify avatars, create characters, and generate reference images";
				INFOPLIST_KEY_NSPhotoLibraryUsageDescription = "You need to use your album permissions to modify avatars, create characters, and generate reference images";
				INFOPLIST_KEY_NSUserTrackingUsageDescription = "We value your privacy. Tracking helps us improve our service while keeping your data secure";
				INFOPLIST_KEY_UIApplicationSupportsIndirectInputEvents = YES;
				INFOPLIST_KEY_UILaunchStoryboardName = LaunchScreen;
				INFOPLIST_KEY_UISupportedInterfaceOrientations = UIInterfaceOrientationPortrait;
				IPHONEOS_DEPLOYMENT_TARGET = 15.0;
				LD_RUNPATH_SEARCH_PATHS = (
					"$(inherited)",
					"@executable_path/Frameworks",
				);
				MARKETING_VERSION = 1.0;
				PRODUCT_BUNDLE_IDENTIFIER = com.Honeyaichatapp.ios2025;
				PRODUCT_NAME = Honey.AI;
				PROVISIONING_PROFILE_SPECIFIER = "";
				"PROVISIONING_PROFILE_SPECIFIER[sdk=iphoneos*]" = HoneyAIDis;
				SUPPORTED_PLATFORMS = "iphoneos iphonesimulator";
				SUPPORTS_MACCATALYST = NO;
				SUPPORTS_MAC_DESIGNED_FOR_IPHONE_IPAD = NO;
				SUPPORTS_XR_DESIGNED_FOR_IPHONE_IPAD = NO;
				SWIFT_ACTIVE_COMPILATION_CONDITIONS = "DEBUG HXPICKER_ENABLE_PICKER HXPICKER_ENABLE_EDITOR HXPICKER_ENABLE_CAMERA";
				SWIFT_EMIT_LOC_STRINGS = YES;
				SWIFT_OBJC_BRIDGING_HEADER = "AIRun/AppConfig/Define/AIRun-Bridging-Header.h";
				SWIFT_VERSION = 5.0;
				TARGETED_DEVICE_FAMILY = 1;
			};
			name = Debug;
		};
		AA6D06E62D374D7A008B1837 /* Release */ = {
			isa = XCBuildConfiguration;
			baseConfigurationReference = 1E2A727E8864609C65DA649F /* Pods-AIRun.release.xcconfig */;
			buildSettings = {
				ASSETCATALOG_COMPILER_APPICON_NAME = AppIcon;
				ASSETCATALOG_COMPILER_GLOBAL_ACCENT_COLOR_NAME = AccentColor;
				CODE_SIGN_ENTITLEMENTS = AIRun/AIRun.entitlements;
				"CODE_SIGN_IDENTITY[sdk=iphoneos*]" = "iPhone Developer";
				CODE_SIGN_STYLE = Manual;
				CURRENT_PROJECT_VERSION = 1;
				DEVELOPMENT_TEAM = "";
				"DEVELOPMENT_TEAM[sdk=iphoneos*]" = 6VFR63B9QM;
				FRAMEWORK_SEARCH_PATHS = (
					"$(inherited)",
					"$(PROJECT_DIR)/AIRun/AppBusModule/ThirdModule/MarsXlog",
				);
				GENERATE_INFOPLIST_FILE = YES;
				INFOPLIST_FILE = AIRun/Info.plist;
				INFOPLIST_KEY_CFBundleDisplayName = Honey.AI;
				INFOPLIST_KEY_LSSupportsOpeningDocumentsInPlace = YES;
				INFOPLIST_KEY_NSCameraUsageDescription = "Use your camera permissions to modify avatars, create characters, and generate reference images";
				INFOPLIST_KEY_NSPhotoLibraryUsageDescription = "You need to use your album permissions to modify avatars, create characters, and generate reference images";
				INFOPLIST_KEY_NSUserTrackingUsageDescription = "We value your privacy. Tracking helps us improve our service while keeping your data secure";
				INFOPLIST_KEY_UIApplicationSupportsIndirectInputEvents = YES;
				INFOPLIST_KEY_UILaunchStoryboardName = LaunchScreen;
				INFOPLIST_KEY_UISupportedInterfaceOrientations = UIInterfaceOrientationPortrait;
				IPHONEOS_DEPLOYMENT_TARGET = 15.0;
				LD_RUNPATH_SEARCH_PATHS = (
					"$(inherited)",
					"@executable_path/Frameworks",
				);
				MARKETING_VERSION = 1.0;
				PRODUCT_BUNDLE_IDENTIFIER = com.Honeyaichatapp.ios2025;
				PRODUCT_NAME = Honey.AI;
				PROVISIONING_PROFILE_SPECIFIER = "";
				"PROVISIONING_PROFILE_SPECIFIER[sdk=iphoneos*]" = HoneyAIDis;
				SUPPORTED_PLATFORMS = "iphoneos iphonesimulator";
				SUPPORTS_MACCATALYST = NO;
				SUPPORTS_MAC_DESIGNED_FOR_IPHONE_IPAD = NO;
				SUPPORTS_XR_DESIGNED_FOR_IPHONE_IPAD = NO;
				SWIFT_ACTIVE_COMPILATION_CONDITIONS = "HXPICKER_ENABLE_PICKER HXPICKER_ENABLE_EDITOR HXPICKER_ENABLE_CAMERA";
				SWIFT_EMIT_LOC_STRINGS = YES;
				SWIFT_OBJC_BRIDGING_HEADER = "AIRun/AppConfig/Define/AIRun-Bridging-Header.h";
				SWIFT_VERSION = 5.0;
				TARGETED_DEVICE_FAMILY = 1;
			};
			name = Release;
		};
		AA6D06E72D374D7A008B1837 /* Debug */ = {
			isa = XCBuildConfiguration;
			buildSettings = {
				ALWAYS_SEARCH_USER_PATHS = NO;
				ASSETCATALOG_COMPILER_GENERATE_SWIFT_ASSET_SYMBOL_EXTENSIONS = YES;
				CLANG_ANALYZER_NONNULL = YES;
				CLANG_ANALYZER_NUMBER_OBJECT_CONVERSION = YES_AGGRESSIVE;
				CLANG_CXX_LANGUAGE_STANDARD = "gnu++20";
				CLANG_ENABLE_MODULES = YES;
				CLANG_ENABLE_OBJC_ARC = YES;
				CLANG_ENABLE_OBJC_WEAK = YES;
				CLANG_WARN_BLOCK_CAPTURE_AUTORELEASING = YES;
				CLANG_WARN_BOOL_CONVERSION = YES;
				CLANG_WARN_COMMA = YES;
				CLANG_WARN_CONSTANT_CONVERSION = YES;
				CLANG_WARN_DEPRECATED_OBJC_IMPLEMENTATIONS = YES;
				CLANG_WARN_DIRECT_OBJC_ISA_USAGE = YES_ERROR;
				CLANG_WARN_DOCUMENTATION_COMMENTS = YES;
				CLANG_WARN_EMPTY_BODY = YES;
				CLANG_WARN_ENUM_CONVERSION = YES;
				CLANG_WARN_INFINITE_RECURSION = YES;
				CLANG_WARN_INT_CONVERSION = YES;
				CLANG_WARN_NON_LITERAL_NULL_CONVERSION = YES;
				CLANG_WARN_OBJC_IMPLICIT_RETAIN_SELF = YES;
				CLANG_WARN_OBJC_LITERAL_CONVERSION = YES;
				CLANG_WARN_OBJC_ROOT_CLASS = YES_ERROR;
				CLANG_WARN_QUOTED_INCLUDE_IN_FRAMEWORK_HEADER = YES;
				CLANG_WARN_RANGE_LOOP_ANALYSIS = YES;
				CLANG_WARN_STRICT_PROTOTYPES = YES;
				CLANG_WARN_SUSPICIOUS_MOVE = YES;
				CLANG_WARN_UNGUARDED_AVAILABILITY = YES_AGGRESSIVE;
				CLANG_WARN_UNREACHABLE_CODE = YES;
				CLANG_WARN__DUPLICATE_METHOD_MATCH = YES;
				COPY_PHASE_STRIP = NO;
				DEBUG_INFORMATION_FORMAT = dwarf;
				ENABLE_STRICT_OBJC_MSGSEND = YES;
				ENABLE_TESTABILITY = YES;
				ENABLE_USER_SCRIPT_SANDBOXING = YES;
				GCC_C_LANGUAGE_STANDARD = gnu17;
				GCC_DYNAMIC_NO_PIC = NO;
				GCC_NO_COMMON_BLOCKS = YES;
				GCC_OPTIMIZATION_LEVEL = 0;
				GCC_PREPROCESSOR_DEFINITIONS = (
					"DEBUG=1",
					"$(inherited)",
				);
				GCC_WARN_64_TO_32_BIT_CONVERSION = YES;
				GCC_WARN_ABOUT_RETURN_TYPE = YES_ERROR;
				GCC_WARN_UNDECLARED_SELECTOR = YES;
				GCC_WARN_UNINITIALIZED_AUTOS = YES_AGGRESSIVE;
				GCC_WARN_UNUSED_FUNCTION = YES;
				GCC_WARN_UNUSED_VARIABLE = YES;
				IPHONEOS_DEPLOYMENT_TARGET = 18.2;
				LOCALIZATION_PREFERS_STRING_CATALOGS = YES;
				MTL_ENABLE_DEBUG_INFO = INCLUDE_SOURCE;
				MTL_FAST_MATH = YES;
				ONLY_ACTIVE_ARCH = YES;
				SDKROOT = iphoneos;
				SWIFT_ACTIVE_COMPILATION_CONDITIONS = "DEBUG $(inherited)";
				SWIFT_OPTIMIZATION_LEVEL = "-Onone";
			};
			name = Debug;
		};
		AA6D06E82D374D7A008B1837 /* Release */ = {
			isa = XCBuildConfiguration;
			buildSettings = {
				ALWAYS_SEARCH_USER_PATHS = NO;
				ASSETCATALOG_COMPILER_GENERATE_SWIFT_ASSET_SYMBOL_EXTENSIONS = YES;
				CLANG_ANALYZER_NONNULL = YES;
				CLANG_ANALYZER_NUMBER_OBJECT_CONVERSION = YES_AGGRESSIVE;
				CLANG_CXX_LANGUAGE_STANDARD = "gnu++20";
				CLANG_ENABLE_MODULES = YES;
				CLANG_ENABLE_OBJC_ARC = YES;
				CLANG_ENABLE_OBJC_WEAK = YES;
				CLANG_WARN_BLOCK_CAPTURE_AUTORELEASING = YES;
				CLANG_WARN_BOOL_CONVERSION = YES;
				CLANG_WARN_COMMA = YES;
				CLANG_WARN_CONSTANT_CONVERSION = YES;
				CLANG_WARN_DEPRECATED_OBJC_IMPLEMENTATIONS = YES;
				CLANG_WARN_DIRECT_OBJC_ISA_USAGE = YES_ERROR;
				CLANG_WARN_DOCUMENTATION_COMMENTS = YES;
				CLANG_WARN_EMPTY_BODY = YES;
				CLANG_WARN_ENUM_CONVERSION = YES;
				CLANG_WARN_INFINITE_RECURSION = YES;
				CLANG_WARN_INT_CONVERSION = YES;
				CLANG_WARN_NON_LITERAL_NULL_CONVERSION = YES;
				CLANG_WARN_OBJC_IMPLICIT_RETAIN_SELF = YES;
				CLANG_WARN_OBJC_LITERAL_CONVERSION = YES;
				CLANG_WARN_OBJC_ROOT_CLASS = YES_ERROR;
				CLANG_WARN_QUOTED_INCLUDE_IN_FRAMEWORK_HEADER = YES;
				CLANG_WARN_RANGE_LOOP_ANALYSIS = YES;
				CLANG_WARN_STRICT_PROTOTYPES = YES;
				CLANG_WARN_SUSPICIOUS_MOVE = YES;
				CLANG_WARN_UNGUARDED_AVAILABILITY = YES_AGGRESSIVE;
				CLANG_WARN_UNREACHABLE_CODE = YES;
				CLANG_WARN__DUPLICATE_METHOD_MATCH = YES;
				COPY_PHASE_STRIP = NO;
				DEBUG_INFORMATION_FORMAT = "dwarf-with-dsym";
				ENABLE_NS_ASSERTIONS = NO;
				ENABLE_STRICT_OBJC_MSGSEND = YES;
				ENABLE_USER_SCRIPT_SANDBOXING = YES;
				GCC_C_LANGUAGE_STANDARD = gnu17;
				GCC_NO_COMMON_BLOCKS = YES;
				GCC_WARN_64_TO_32_BIT_CONVERSION = YES;
				GCC_WARN_ABOUT_RETURN_TYPE = YES_ERROR;
				GCC_WARN_UNDECLARED_SELECTOR = YES;
				GCC_WARN_UNINITIALIZED_AUTOS = YES_AGGRESSIVE;
				GCC_WARN_UNUSED_FUNCTION = YES;
				GCC_WARN_UNUSED_VARIABLE = YES;
				IPHONEOS_DEPLOYMENT_TARGET = 18.2;
				LOCALIZATION_PREFERS_STRING_CATALOGS = YES;
				MTL_ENABLE_DEBUG_INFO = NO;
				MTL_FAST_MATH = YES;
				SDKROOT = iphoneos;
				SWIFT_COMPILATION_MODE = wholemodule;
				VALIDATE_PRODUCT = YES;
			};
			name = Release;
		};
/* End XCBuildConfiguration section */

/* Begin XCConfigurationList section */
		AA6D06CC2D374D79008B1837 /* Build configuration list for PBXProject "AIRun" */ = {
			isa = XCConfigurationList;
			buildConfigurations = (
				AA6D06E72D374D7A008B1837 /* Debug */,
				AA6D06E82D374D7A008B1837 /* Release */,
			);
			defaultConfigurationIsVisible = 0;
			defaultConfigurationName = Release;
		};
		AA6D06E42D374D7A008B1837 /* Build configuration list for PBXNativeTarget "AIRun" */ = {
			isa = XCConfigurationList;
			buildConfigurations = (
				AA6D06E52D374D7A008B1837 /* Debug */,
				AA6D06E62D374D7A008B1837 /* Release */,
			);
			defaultConfigurationIsVisible = 0;
			defaultConfigurationName = Release;
		};
/* End XCConfigurationList section */
	};
	rootObject = AA6D06C92D374D79008B1837 /* Project object */;
}
